// !$*UTF8*$!
{
	archiveVersion = 1;
	classes = {
	};
	objectVersion = 56;
	objects = {

/* Begin PBXBuildFile section */
		DC01193B2B06340F0083AF94 /* CaseStudyApp.swift in Sources */ = {isa = PBXBuildFile; fileRef = DC01193A2B06340F0083AF94 /* CaseStudyApp.swift */; };
		DC01193F2B0634100083AF94 /* Assets.xcassets in Resources */ = {isa = PBXBuildFile; fileRef = DC01193E2B0634100083AF94 /* Assets.xcassets */; };
		DC0119422B0634100083AF94 /* Preview Assets.xcassets in Resources */ = {isa = PBXBuildFile; fileRef = DC0119412B0634100083AF94 /* Preview Assets.xcassets */; };
		DC01194C2B0634100083AF94 /* CaseStudyTests.swift in Sources */ = {isa = PBXBuildFile; fileRef = DC01194B2B0634100083AF94 /* CaseStudyTests.swift */; };
		DC0119562B0634100083AF94 /* CaseStudyUITests.swift in Sources */ = {isa = PBXBuildFile; fileRef = DC0119552B0634100083AF94 /* CaseStudyUITests.swift */; };
		DC0119582B0634100083AF94 /* CaseStudyUITestsLaunchTests.swift in Sources */ = {isa = PBXBuildFile; fileRef = DC0119572B0634100083AF94 /* CaseStudyUITestsLaunchTests.swift */; };
		DC01196A2B063E390083AF94 /* MainScreen.swift in Sources */ = {isa = PBXBuildFile; fileRef = DC0119692B063E390083AF94 /* MainScreen.swift */; };
		DC01196D2B063E6E0083AF94 /* AuthUtility.swift in Sources */ = {isa = PBXBuildFile; fileRef = DC01196C2B063E6E0083AF94 /* AuthUtility.swift */; };
/* End PBXBuildFile section */

/* Begin PBXContainerItemProxy section */
		DC0119482B0634100083AF94 /* PBXContainerItemProxy */ = {
			isa = PBXContainerItemProxy;
			containerPortal = DC01192F2B06340F0083AF94 /* Project object */;
			proxyType = 1;
			remoteGlobalIDString = DC0119362B06340F0083AF94;
			remoteInfo = CaseStudy;
		};
		DC0119522B0634100083AF94 /* PBXContainerItemProxy */ = {
			isa = PBXContainerItemProxy;
			containerPortal = DC01192F2B06340F0083AF94 /* Project object */;
			proxyType = 1;
			remoteGlobalIDString = DC0119362B06340F0083AF94;
			remoteInfo = CaseStudy;
		};
/* End PBXContainerItemProxy section */

/* Begin PBXFileReference section */
		DC0119372B06340F0083AF94 /* CaseStudy.app */ = {isa = PBXFileReference; explicitFileType = wrapper.application; includeInIndex = 0; path = CaseStudy.app; sourceTree = BUILT_PRODUCTS_DIR; };
		DC01193A2B06340F0083AF94 /* CaseStudyApp.swift */ = {isa = PBXFileReference; lastKnownFileType = sourcecode.swift; path = CaseStudyApp.swift; sourceTree = "<group>"; };
		DC01193E2B0634100083AF94 /* Assets.xcassets */ = {isa = PBXFileReference; lastKnownFileType = folder.assetcatalog; path = Assets.xcassets; sourceTree = "<group>"; };
		DC0119412B0634100083AF94 /* Preview Assets.xcassets */ = {isa = PBXFileReference; lastKnownFileType = folder.assetcatalog; path = "Preview Assets.xcassets"; sourceTree = "<group>"; };
		DC0119472B0634100083AF94 /* CaseStudyTests.xctest */ = {isa = PBXFileReference; explicitFileType = wrapper.cfbundle; includeInIndex = 0; path = CaseStudyTests.xctest; sourceTree = BUILT_PRODUCTS_DIR; };
		DC01194B2B0634100083AF94 /* CaseStudyTests.swift */ = {isa = PBXFileReference; lastKnownFileType = sourcecode.swift; path = CaseStudyTests.swift; sourceTree = "<group>"; };
		DC0119512B0634100083AF94 /* CaseStudyUITests.xctest */ = {isa = PBXFileReference; explicitFileType = wrapper.cfbundle; includeInIndex = 0; path = CaseStudyUITests.xctest; sourceTree = BUILT_PRODUCTS_DIR; };
		DC0119552B0634100083AF94 /* CaseStudyUITests.swift */ = {isa = PBXFileReference; lastKnownFileType = sourcecode.swift; path = CaseStudyUITests.swift; sourceTree = "<group>"; };
		DC0119572B0634100083AF94 /* CaseStudyUITestsLaunchTests.swift */ = {isa = PBXFileReference; lastKnownFileType = sourcecode.swift; path = CaseStudyUITestsLaunchTests.swift; sourceTree = "<group>"; };
		DC0119692B063E390083AF94 /* MainScreen.swift */ = {isa = PBXFileReference; lastKnownFileType = sourcecode.swift; path = MainScreen.swift; sourceTree = "<group>"; };
		DC01196C2B063E6E0083AF94 /* AuthUtility.swift */ = {isa = PBXFileReference; lastKnownFileType = sourcecode.swift; path = AuthUtility.swift; sourceTree = "<group>"; };
/* End PBXFileReference section */

/* Begin PBXFrameworksBuildPhase section */
		DC0119342B06340F0083AF94 /* Frameworks */ = {
			isa = PBXFrameworksBuildPhase;
			buildActionMask = 2147483647;
			files = (
			);
			runOnlyForDeploymentPostprocessing = 0;
		};
		DC0119442B0634100083AF94 /* Frameworks */ = {
			isa = PBXFrameworksBuildPhase;
			buildActionMask = 2147483647;
			files = (
			);
			runOnlyForDeploymentPostprocessing = 0;
		};
		DC01194E2B0634100083AF94 /* Frameworks */ = {
			isa = PBXFrameworksBuildPhase;
			buildActionMask = 2147483647;
			files = (
			);
			runOnlyForDeploymentPostprocessing = 0;
		};
/* End PBXFrameworksBuildPhase section */

/* Begin PBXGroup section */
		DC01192E2B06340F0083AF94 = {
			isa = PBXGroup;
			children = (
				DC0119392B06340F0083AF94 /* CaseStudy */,
				DC01194A2B0634100083AF94 /* CaseStudyTests */,
				DC0119542B0634100083AF94 /* CaseStudyUITests */,
				DC0119382B06340F0083AF94 /* Products */,
			);
			sourceTree = "<group>";
		};
		DC0119382B06340F0083AF94 /* Products */ = {
			isa = PBXGroup;
			children = (
				DC0119372B06340F0083AF94 /* CaseStudy.app */,
				DC0119472B0634100083AF94 /* CaseStudyTests.xctest */,
				DC0119512B0634100083AF94 /* CaseStudyUITests.xctest */,
			);
			name = Products;
			sourceTree = "<group>";
		};
		DC0119392B06340F0083AF94 /* CaseStudy */ = {
			isa = PBXGroup;
			children = (
				DC01196B2B063E5F0083AF94 /* Utilities */,
				DC0119652B063BBF0083AF94 /* Screens */,
				DC01193A2B06340F0083AF94 /* CaseStudyApp.swift */,
				DC01193E2B0634100083AF94 /* Assets.xcassets */,
				DC0119402B0634100083AF94 /* Preview Content */,
			);
			path = CaseStudy;
			sourceTree = "<group>";
		};
		DC0119402B0634100083AF94 /* Preview Content */ = {
			isa = PBXGroup;
			children = (
				DC0119412B0634100083AF94 /* Preview Assets.xcassets */,
			);
			path = "Preview Content";
			sourceTree = "<group>";
		};
		DC01194A2B0634100083AF94 /* CaseStudyTests */ = {
			isa = PBXGroup;
			children = (
				DC01194B2B0634100083AF94 /* CaseStudyTests.swift */,
			);
			path = CaseStudyTests;
			sourceTree = "<group>";
		};
		DC0119542B0634100083AF94 /* CaseStudyUITests */ = {
			isa = PBXGroup;
			children = (
				DC0119552B0634100083AF94 /* CaseStudyUITests.swift */,
				DC0119572B0634100083AF94 /* CaseStudyUITestsLaunchTests.swift */,
			);
			path = CaseStudyUITests;
			sourceTree = "<group>";
		};
		DC0119652B063BBF0083AF94 /* Screens */ = {
			isa = PBXGroup;
			children = (
				DC0119692B063E390083AF94 /* MainScreen.swift */,
			);
			path = Screens;
			sourceTree = "<group>";
		};
		DC01196B2B063E5F0083AF94 /* Utilities */ = {
			isa = PBXGroup;
			children = (
				DC01196C2B063E6E0083AF94 /* AuthUtility.swift */,
			);
			path = Utilities;
			sourceTree = "<group>";
		};
/* End PBXGroup section */

/* Begin PBXNativeTarget section */
		DC0119362B06340F0083AF94 /* CaseStudy */ = {
			isa = PBXNativeTarget;
			buildConfigurationList = DC01195B2B0634100083AF94 /* Build configuration list for PBXNativeTarget "CaseStudy" */;
			buildPhases = (
				DC0119332B06340F0083AF94 /* Sources */,
				DC0119342B06340F0083AF94 /* Frameworks */,
				DC0119352B06340F0083AF94 /* Resources */,
			);
			buildRules = (
			);
			dependencies = (
			);
			name = CaseStudy;
			productName = CaseStudy;
			productReference = DC0119372B06340F0083AF94 /* CaseStudy.app */;
			productType = "com.apple.product-type.application";
		};
		DC0119462B0634100083AF94 /* CaseStudyTests */ = {
			isa = PBXNativeTarget;
			buildConfigurationList = DC01195E2B0634100083AF94 /* Build configuration list for PBXNativeTarget "CaseStudyTests" */;
			buildPhases = (
				DC0119432B0634100083AF94 /* Sources */,
				DC0119442B0634100083AF94 /* Frameworks */,
				DC0119452B0634100083AF94 /* Resources */,
			);
			buildRules = (
			);
			dependencies = (
				DC0119492B0634100083AF94 /* PBXTargetDependency */,
			);
			name = CaseStudyTests;
			productName = CaseStudyTests;
			productReference = DC0119472B0634100083AF94 /* CaseStudyTests.xctest */;
			productType = "com.apple.product-type.bundle.unit-test";
		};
		DC0119502B0634100083AF94 /* CaseStudyUITests */ = {
			isa = PBXNativeTarget;
			buildConfigurationList = DC0119612B0634100083AF94 /* Build configuration list for PBXNativeTarget "CaseStudyUITests" */;
			buildPhases = (
				DC01194D2B0634100083AF94 /* Sources */,
				DC01194E2B0634100083AF94 /* Frameworks */,
				DC01194F2B0634100083AF94 /* Resources */,
			);
			buildRules = (
			);
			dependencies = (
				DC0119532B0634100083AF94 /* PBXTargetDependency */,
			);
			name = CaseStudyUITests;
			productName = CaseStudyUITests;
			productReference = DC0119512B0634100083AF94 /* CaseStudyUITests.xctest */;
			productType = "com.apple.product-type.bundle.ui-testing";
		};
/* End PBXNativeTarget section */

/* Begin PBXProject section */
		DC01192F2B06340F0083AF94 /* Project object */ = {
			isa = PBXProject;
			attributes = {
				BuildIndependentTargetsInParallel = 1;
				LastSwiftUpdateCheck = 1500;
				LastUpgradeCheck = 1500;
				TargetAttributes = {
					DC0119362B06340F0083AF94 = {
						CreatedOnToolsVersion = 15.0.1;
					};
					DC0119462B0634100083AF94 = {
						CreatedOnToolsVersion = 15.0.1;
						TestTargetID = DC0119362B06340F0083AF94;
					};
					DC0119502B0634100083AF94 = {
						CreatedOnToolsVersion = 15.0.1;
						TestTargetID = DC0119362B06340F0083AF94;
					};
				};
			};
			buildConfigurationList = DC0119322B06340F0083AF94 /* Build configuration list for PBXProject "CaseStudy" */;
			compatibilityVersion = "Xcode 14.0";
			developmentRegion = en;
			hasScannedForEncodings = 0;
			knownRegions = (
				en,
				Base,
			);
			mainGroup = DC01192E2B06340F0083AF94;
			productRefGroup = DC0119382B06340F0083AF94 /* Products */;
			projectDirPath = "";
			projectRoot = "";
			targets = (
				DC0119362B06340F0083AF94 /* CaseStudy */,
				DC0119462B0634100083AF94 /* CaseStudyTests */,
				DC0119502B0634100083AF94 /* CaseStudyUITests */,
			);
		};
/* End PBXProject section */

/* Begin PBXResourcesBuildPhase section */
		DC0119352B06340F0083AF94 /* Resources */ = {
			isa = PBXResourcesBuildPhase;
			buildActionMask = 2147483647;
			files = (
				DC0119422B0634100083AF94 /* Preview Assets.xcassets in Resources */,
				DC01193F2B0634100083AF94 /* Assets.xcassets in Resources */,
			);
			runOnlyForDeploymentPostprocessing = 0;
		};
		DC0119452B0634100083AF94 /* Resources */ = {
			isa = PBXResourcesBuildPhase;
			buildActionMask = 2147483647;
			files = (
			);
			runOnlyForDeploymentPostprocessing = 0;
		};
		DC01194F2B0634100083AF94 /* Resources */ = {
			isa = PBXResourcesBuildPhase;
			buildActionMask = 2147483647;
			files = (
			);
			runOnlyForDeploymentPostprocessing = 0;
		};
/* End PBXResourcesBuildPhase section */

/* Begin PBXSourcesBuildPhase section */
		DC0119332B06340F0083AF94 /* Sources */ = {
			isa = PBXSourcesBuildPhase;
			buildActionMask = 2147483647;
			files = (
				DC01196A2B063E390083AF94 /* MainScreen.swift in Sources */,
				DC01196D2B063E6E0083AF94 /* AuthUtility.swift in Sources */,
				DC01193B2B06340F0083AF94 /* CaseStudyApp.swift in Sources */,
			);
			runOnlyForDeploymentPostprocessing = 0;
		};
		DC0119432B0634100083AF94 /* Sources */ = {
			isa = PBXSourcesBuildPhase;
			buildActionMask = 2147483647;
			files = (
				DC01194C2B0634100083AF94 /* CaseStudyTests.swift in Sources */,
			);
			runOnlyForDeploymentPostprocessing = 0;
		};
		DC01194D2B0634100083AF94 /* Sources */ = {
			isa = PBXSourcesBuildPhase;
			buildActionMask = 2147483647;
			files = (
				DC0119582B0634100083AF94 /* CaseStudyUITestsLaunchTests.swift in Sources */,
				DC0119562B0634100083AF94 /* CaseStudyUITests.swift in Sources */,
			);
			runOnlyForDeploymentPostprocessing = 0;
		};
/* End PBXSourcesBuildPhase section */

/* Begin PBXTargetDependency section */
		DC0119492B0634100083AF94 /* PBXTargetDependency */ = {
			isa = PBXTargetDependency;
			target = DC0119362B06340F0083AF94 /* CaseStudy */;
			targetProxy = DC0119482B0634100083AF94 /* PBXContainerItemProxy */;
		};
		DC0119532B0634100083AF94 /* PBXTargetDependency */ = {
			isa = PBXTargetDependency;
			target = DC0119362B06340F0083AF94 /* CaseStudy */;
			targetProxy = DC0119522B0634100083AF94 /* PBXContainerItemProxy */;
		};
/* End PBXTargetDependency section */

/* Begin XCBuildConfiguration section */
		DC0119592B0634100083AF94 /* Debug */ = {
			isa = XCBuildConfiguration;
			buildSettings = {
				ALWAYS_SEARCH_USER_PATHS = NO;
				ASSETCATALOG_COMPILER_GENERATE_SWIFT_ASSET_SYMBOL_EXTENSIONS = YES;
				CLANG_ANALYZER_NONNULL = YES;
				CLANG_ANALYZER_NUMBER_OBJECT_CONVERSION = YES_AGGRESSIVE;
				CLANG_CXX_LANGUAGE_STANDARD = "gnu++20";
				CLANG_ENABLE_MODULES = YES;
				CLANG_ENABLE_OBJC_ARC = YES;
				CLANG_ENABLE_OBJC_WEAK = YES;
				CLANG_WARN_BLOCK_CAPTURE_AUTORELEASING = YES;
				CLANG_WARN_BOOL_CONVERSION = YES;
				CLANG_WARN_COMMA = YES;
				CLANG_WARN_CONSTANT_CONVERSION = YES;
				CLANG_WARN_DEPRECATED_OBJC_IMPLEMENTATIONS = YES;
				CLANG_WARN_DIRECT_OBJC_ISA_USAGE = YES_ERROR;
				CLANG_WARN_DOCUMENTATION_COMMENTS = YES;
				CLANG_WARN_EMPTY_BODY = YES;
				CLANG_WARN_ENUM_CONVERSION = YES;
				CLANG_WARN_INFINITE_RECURSION = YES;
				CLANG_WARN_INT_CONVERSION = YES;
				CLANG_WARN_NON_LITERAL_NULL_CONVERSION = YES;
				CLANG_WARN_OBJC_IMPLICIT_RETAIN_SELF = YES;
				CLANG_WARN_OBJC_LITERAL_CONVERSION = YES;
				CLANG_WARN_OBJC_ROOT_CLASS = YES_ERROR;
				CLANG_WARN_QUOTED_INCLUDE_IN_FRAMEWORK_HEADER = YES;
				CLANG_WARN_RANGE_LOOP_ANALYSIS = YES;
				CLANG_WARN_STRICT_PROTOTYPES = YES;
				CLANG_WARN_SUSPICIOUS_MOVE = YES;
				CLANG_WARN_UNGUARDED_AVAILABILITY = YES_AGGRESSIVE;
				CLANG_WARN_UNREACHABLE_CODE = YES;
				CLANG_WARN__DUPLICATE_METHOD_MATCH = YES;
				COPY_PHASE_STRIP = NO;
				DEBUG_INFORMATION_FORMAT = dwarf;
				ENABLE_STRICT_OBJC_MSGSEND = YES;
				ENABLE_TESTABILITY = YES;
				ENABLE_USER_SCRIPT_SANDBOXING = YES;
				GCC_C_LANGUAGE_STANDARD = gnu17;
				GCC_DYNAMIC_NO_PIC = NO;
				GCC_NO_COMMON_BLOCKS = YES;
				GCC_OPTIMIZATION_LEVEL = 0;
				GCC_PREPROCESSOR_DEFINITIONS = (
					"DEBUG=1",
					"$(inherited)",
				);
				GCC_WARN_64_TO_32_BIT_CONVERSION = YES;
				GCC_WARN_ABOUT_RETURN_TYPE = YES_ERROR;
				GCC_WARN_UNDECLARED_SELECTOR = YES;
				GCC_WARN_UNINITIALIZED_AUTOS = YES_AGGRESSIVE;
				GCC_WARN_UNUSED_FUNCTION = YES;
				GCC_WARN_UNUSED_VARIABLE = YES;
				IPHONEOS_DEPLOYMENT_TARGET = 17.0;
				LOCALIZATION_PREFERS_STRING_CATALOGS = YES;
				MTL_ENABLE_DEBUG_INFO = INCLUDE_SOURCE;
				MTL_FAST_MATH = YES;
				ONLY_ACTIVE_ARCH = YES;
				SDKROOT = iphoneos;
				SWIFT_ACTIVE_COMPILATION_CONDITIONS = "DEBUG $(inherited)";
				SWIFT_OPTIMIZATION_LEVEL = "-Onone";
			};
			name = Debug;
		};
		DC01195A2B0634100083AF94 /* Release */ = {
			isa = XCBuildConfiguration;
			buildSettings = {
				ALWAYS_SEARCH_USER_PATHS = NO;
				ASSETCATALOG_COMPILER_GENERATE_SWIFT_ASSET_SYMBOL_EXTENSIONS = YES;
				CLANG_ANALYZER_NONNULL = YES;
				CLANG_ANALYZER_NUMBER_OBJECT_CONVERSION = YES_AGGRESSIVE;
				CLANG_CXX_LANGUAGE_STANDARD = "gnu++20";
				CLANG_ENABLE_MODULES = YES;
				CLANG_ENABLE_OBJC_ARC = YES;
				CLANG_ENABLE_OBJC_WEAK = YES;
				CLANG_WARN_BLOCK_CAPTURE_AUTORELEASING = YES;
				CLANG_WARN_BOOL_CONVERSION = YES;
				CLANG_WARN_COMMA = YES;
				CLANG_WARN_CONSTANT_CONVERSION = YES;
				CLANG_WARN_DEPRECATED_OBJC_IMPLEMENTATIONS = YES;
				CLANG_WARN_DIRECT_OBJC_ISA_USAGE = YES_ERROR;
				CLANG_WARN_DOCUMENTATION_COMMENTS = YES;
				CLANG_WARN_EMPTY_BODY = YES;
				CLANG_WARN_ENUM_CONVERSION = YES;
				CLANG_WARN_INFINITE_RECURSION = YES;
				CLANG_WARN_INT_CONVERSION = YES;
				CLANG_WARN_NON_LITERAL_NULL_CONVERSION = YES;
				CLANG_WARN_OBJC_IMPLICIT_RETAIN_SELF = YES;
				CLANG_WARN_OBJC_LITERAL_CONVERSION = YES;
				CLANG_WARN_OBJC_ROOT_CLASS = YES_ERROR;
				CLANG_WARN_QUOTED_INCLUDE_IN_FRAMEWORK_HEADER = YES;
				CLANG_WARN_RANGE_LOOP_ANALYSIS = YES;
				CLANG_WARN_STRICT_PROTOTYPES = YES;
				CLANG_WARN_SUSPICIOUS_MOVE = YES;
				CLANG_WARN_UNGUARDED_AVAILABILITY = YES_AGGRESSIVE;
				CLANG_WARN_UNREACHABLE_CODE = YES;
				CLANG_WARN__DUPLICATE_METHOD_MATCH = YES;
				COPY_PHASE_STRIP = NO;
				DEBUG_INFORMATION_FORMAT = "dwarf-with-dsym";
				ENABLE_NS_ASSERTIONS = NO;
				ENABLE_STRICT_OBJC_MSGSEND = YES;
				ENABLE_USER_SCRIPT_SANDBOXING = YES;
				GCC_C_LANGUAGE_STANDARD = gnu17;
				GCC_NO_COMMON_BLOCKS = YES;
				GCC_WARN_64_TO_32_BIT_CONVERSION = YES;
				GCC_WARN_ABOUT_RETURN_TYPE = YES_ERROR;
				GCC_WARN_UNDECLARED_SELECTOR = YES;
				GCC_WARN_UNINITIALIZED_AUTOS = YES_AGGRESSIVE;
				GCC_WARN_UNUSED_FUNCTION = YES;
				GCC_WARN_UNUSED_VARIABLE = YES;
				IPHONEOS_DEPLOYMENT_TARGET = 17.0;
				LOCALIZATION_PREFERS_STRING_CATALOGS = YES;
				MTL_ENABLE_DEBUG_INFO = NO;
				MTL_FAST_MATH = YES;
				SDKROOT = iphoneos;
				SWIFT_COMPILATION_MODE = wholemodule;
				VALIDATE_PRODUCT = YES;
			};
			name = Release;
		};
		DC01195C2B0634100083AF94 /* Debug */ = {
			isa = XCBuildConfiguration;
			buildSettings = {
				ASSETCATALOG_COMPILER_APPICON_NAME = AppIcon;
				ASSETCATALOG_COMPILER_GLOBAL_ACCENT_COLOR_NAME = AccentColor;
				CODE_SIGN_STYLE = Automatic;
				CURRENT_PROJECT_VERSION = 1;
				DEVELOPMENT_ASSET_PATHS = "\"CaseStudy/Preview Content\"";
				DEVELOPMENT_TEAM = LL2474LCV3;
				ENABLE_PREVIEWS = YES;
				GENERATE_INFOPLIST_FILE = YES;
				INFOPLIST_KEY_NSFaceIDUsageDescription = "We need to unlock your data.";
				INFOPLIST_KEY_UIApplicationSceneManifest_Generation = YES;
				INFOPLIST_KEY_UIApplicationSupportsIndirectInputEvents = YES;
				INFOPLIST_KEY_UILaunchScreen_Generation = YES;
				INFOPLIST_KEY_UISupportedInterfaceOrientations_iPad = "UIInterfaceOrientationPortrait UIInterfaceOrientationPortraitUpsideDown UIInterfaceOrientationLandscapeLeft UIInterfaceOrientationLandscapeRight";
				INFOPLIST_KEY_UISupportedInterfaceOrientations_iPhone = "UIInterfaceOrientationPortrait UIInterfaceOrientationLandscapeLeft UIInterfaceOrientationLandscapeRight";
				LD_RUNPATH_SEARCH_PATHS = (
					"$(inherited)",
					"@executable_path/Frameworks",
				);
				MARKETING_VERSION = 1.0;
				PRODUCT_BUNDLE_IDENTIFIER = com.jreybaylen.CaseStudy;
				PRODUCT_NAME = "$(TARGET_NAME)";
				SWIFT_EMIT_LOC_STRINGS = YES;
				SWIFT_VERSION = 5.0;
				TARGETED_DEVICE_FAMILY = "1,2";
			};
			name = Debug;
		};
		DC01195D2B0634100083AF94 /* Release */ = {
			isa = XCBuildConfiguration;
			buildSettings = {
				ASSETCATALOG_COMPILER_APPICON_NAME = AppIcon;
				ASSETCATALOG_COMPILER_GLOBAL_ACCENT_COLOR_NAME = AccentColor;
				CODE_SIGN_STYLE = Automatic;
				CURRENT_PROJECT_VERSION = 1;
				DEVELOPMENT_ASSET_PATHS = "\"CaseStudy/Preview Content\"";
				DEVELOPMENT_TEAM = LL2474LCV3;
				ENABLE_PREVIEWS = YES;
				GENERATE_INFOPLIST_FILE = YES;
				INFOPLIST_KEY_NSFaceIDUsageDescription = "We need to unlock your data.";
				INFOPLIST_KEY_UIApplicationSceneManifest_Generation = YES;
				INFOPLIST_KEY_UIApplicationSupportsIndirectInputEvents = YES;
				INFOPLIST_KEY_UILaunchScreen_Generation = YES;
				INFOPLIST_KEY_UISupportedInterfaceOrientations_iPad = "UIInterfaceOrientationPortrait UIInterfaceOrientationPortraitUpsideDown UIInterfaceOrientationLandscapeLeft UIInterfaceOrientationLandscapeRight";
				INFOPLIST_KEY_UISupportedInterfaceOrientations_iPhone = "UIInterfaceOrientationPortrait UIInterfaceOrientationLandscapeLeft UIInterfaceOrientationLandscapeRight";
				LD_RUNPATH_SEARCH_PATHS = (
					"$(inherited)",
					"@executable_path/Frameworks",
				);
				MARKETING_VERSION = 1.0;
				PRODUCT_BUNDLE_IDENTIFIER = com.jreybaylen.CaseStudy;
				PRODUCT_NAME = "$(TARGET_NAME)";
				SWIFT_EMIT_LOC_STRINGS = YES;
				SWIFT_VERSION = 5.0;
				TARGETED_DEVICE_FAMILY = "1,2";
			};
			name = Release;
		};
		DC01195F2B0634100083AF94 /* Debug */ = {
			isa = XCBuildConfiguration;
			buildSettings = {
				ALWAYS_EMBED_SWIFT_STANDARD_LIBRARIES = YES;
				BUNDLE_LOADER = "$(TEST_HOST)";
				CODE_SIGN_STYLE = Automatic;
				CURRENT_PROJECT_VERSION = 1;
				DEVELOPMENT_TEAM = LL2474LCV3;
				GENERATE_INFOPLIST_FILE = YES;
				IPHONEOS_DEPLOYMENT_TARGET = 17.0;
				MARKETING_VERSION = 1.0;
				PRODUCT_BUNDLE_IDENTIFIER = com.jreybaylen.CaseStudyTests;
				PRODUCT_NAME = "$(TARGET_NAME)";
				SWIFT_EMIT_LOC_STRINGS = NO;
				SWIFT_VERSION = 5.0;
				TARGETED_DEVICE_FAMILY = "1,2";
				TEST_HOST = "$(BUILT_PRODUCTS_DIR)/CaseStudy.app/$(BUNDLE_EXECUTABLE_FOLDER_PATH)/CaseStudy";
			};
			name = Debug;
		};
		DC0119602B0634100083AF94 /* Release */ = {
			isa = XCBuildConfiguration;
			buildSettings = {
				ALWAYS_EMBED_SWIFT_STANDARD_LIBRARIES = YES;
				BUNDLE_LOADER = "$(TEST_HOST)";
				CODE_SIGN_STYLE = Automatic;
				CURRENT_PROJECT_VERSION = 1;
				DEVELOPMENT_TEAM = LL2474LCV3;
				GENERATE_INFOPLIST_FILE = YES;
				IPHONEOS_DEPLOYMENT_TARGET = 17.0;
				MARKETING_VERSION = 1.0;
				PRODUCT_BUNDLE_IDENTIFIER = com.jreybaylen.CaseStudyTests;
				PRODUCT_NAME = "$(TARGET_NAME)";
				SWIFT_EMIT_LOC_STRINGS = NO;
				SWIFT_VERSION = 5.0;
				TARGETED_DEVICE_FAMILY = "1,2";
				TEST_HOST = "$(BUILT_PRODUCTS_DIR)/CaseStudy.app/$(BUNDLE_EXECUTABLE_FOLDER_PATH)/CaseStudy";
			};
			name = Release;
		};
		DC0119622B0634100083AF94 /* Debug */ = {
			isa = XCBuildConfiguration;
			buildSettings = {
				ALWAYS_EMBED_SWIFT_STANDARD_LIBRARIES = YES;
				CODE_SIGN_STYLE = Automatic;
				CURRENT_PROJECT_VERSION = 1;
				DEVELOPMENT_TEAM = LL2474LCV3;
				GENERATE_INFOPLIST_FILE = YES;
				MARKETING_VERSION = 1.0;
				PRODUCT_BUNDLE_IDENTIFIER = com.jreybaylen.CaseStudyUITests;
				PRODUCT_NAME = "$(TARGET_NAME)";
				SWIFT_EMIT_LOC_STRINGS = NO;
				SWIFT_VERSION = 5.0;
				TARGETED_DEVICE_FAMILY = "1,2";
				TEST_TARGET_NAME = CaseStudy;
			};
			name = Debug;
		};
		DC0119632B0634100083AF94 /* Release */ = {
			isa = XCBuildConfiguration;
			buildSettings = {
				ALWAYS_EMBED_SWIFT_STANDARD_LIBRARIES = YES;
				CODE_SIGN_STYLE = Automatic;
				CURRENT_PROJECT_VERSION = 1;
				DEVELOPMENT_TEAM = LL2474LCV3;
				GENERATE_INFOPLIST_FILE = YES;
				MARKETING_VERSION = 1.0;
				PRODUCT_BUNDLE_IDENTIFIER = com.jreybaylen.CaseStudyUITests;
				PRODUCT_NAME = "$(TARGET_NAME)";
				SWIFT_EMIT_LOC_STRINGS = NO;
				SWIFT_VERSION = 5.0;
				TARGETED_DEVICE_FAMILY = "1,2";
				TEST_TARGET_NAME = CaseStudy;
			};
			name = Release;
		};
/* End XCBuildConfiguration section */

/* Begin XCConfigurationList section */
		DC0119322B06340F0083AF94 /* Build configuration list for PBXProject "CaseStudy" */ = {
			isa = XCConfigurationList;
			buildConfigurations = (
				DC0119592B0634100083AF94 /* Debug */,
				DC01195A2B0634100083AF94 /* Release */,
			);
			defaultConfigurationIsVisible = 0;
			defaultConfigurationName = Release;
		};
		DC01195B2B0634100083AF94 /* Build configuration list for PBXNativeTarget "CaseStudy" */ = {
			isa = XCConfigurationList;
			buildConfigurations = (
				DC01195C2B0634100083AF94 /* Debug */,
				DC01195D2B0634100083AF94 /* Release */,
			);
			defaultConfigurationIsVisible = 0;
			defaultConfigurationName = Release;
		};
		DC01195E2B0634100083AF94 /* Build configuration list for PBXNativeTarget "CaseStudyTests" */ = {
			isa = XCConfigurationList;
			buildConfigurations = (
				DC01195F2B0634100083AF94 /* Debug */,
				DC0119602B0634100083AF94 /* Release */,
			);
			defaultConfigurationIsVisible = 0;
			defaultConfigurationName = Release;
		};
		DC0119612B0634100083AF94 /* Build configuration list for PBXNativeTarget "CaseStudyUITests" */ = {
			isa = XCConfigurationList;
			buildConfigurations = (
				DC0119622B0634100083AF94 /* Debug */,
				DC0119632B0634100083AF94 /* Release */,
			);
			defaultConfigurationIsVisible = 0;
			defaultConfigurationName = Release;
		};
/* End XCConfigurationList section */
	};
	rootObject = DC01192F2B06340F0083AF94 /* Project object */;
}
