// !$*UTF8*$!
{
	archiveVersion = 1;
	classes = {
	};
	objectVersion = 56;
	objects = {

/* Begin PBXBuildFile section */
		DC14DEFB2ADE568D005EF7EF /* PinchApp.swift in Sources */ = {isa = PBXBuildFile; fileRef = DC14DEFA2ADE568D005EF7EF /* PinchApp.swift */; };
		DC14DEFD2ADE568D005EF7EF /* ContentView.swift in Sources */ = {isa = PBXBuildFile; fileRef = DC14DEFC2ADE568D005EF7EF /* ContentView.swift */; };
		DC14DEFF2ADE568E005EF7EF /* Assets.xcassets in Resources */ = {isa = PBXBuildFile; fileRef = DC14DEFE2ADE568E005EF7EF /* Assets.xcassets */; };
		DC14DF022ADE568E005EF7EF /* Preview Assets.xcassets in Resources */ = {isa = PBXBuildFile; fileRef = DC14DF012ADE568E005EF7EF /* Preview Assets.xcassets */; };
		DC14DF0C2ADE568E005EF7EF /* PinchTests.swift in Sources */ = {isa = PBXBuildFile; fileRef = DC14DF0B2ADE568E005EF7EF /* PinchTests.swift */; };
		DC14DF162ADE568E005EF7EF /* PinchUITests.swift in Sources */ = {isa = PBXBuildFile; fileRef = DC14DF152ADE568E005EF7EF /* PinchUITests.swift */; };
		DC14DF182ADE568E005EF7EF /* PinchUITestsLaunchTests.swift in Sources */ = {isa = PBXBuildFile; fileRef = DC14DF172ADE568E005EF7EF /* PinchUITestsLaunchTests.swift */; };
		DC98017F2AE027E700627417 /* InfoPanelView.swift in Sources */ = {isa = PBXBuildFile; fileRef = DC98017E2AE027E600627417 /* InfoPanelView.swift */; };
		DC9801812AE051F500627417 /* ControlImageView.swift in Sources */ = {isa = PBXBuildFile; fileRef = DC9801802AE051F500627417 /* ControlImageView.swift */; };
/* End PBXBuildFile section */

/* Begin PBXContainerItemProxy section */
		DC14DF082ADE568E005EF7EF /* PBXContainerItemProxy */ = {
			isa = PBXContainerItemProxy;
			containerPortal = DC14DEEF2ADE568D005EF7EF /* Project object */;
			proxyType = 1;
			remoteGlobalIDString = DC14DEF62ADE568D005EF7EF;
			remoteInfo = Pinch;
		};
		DC14DF122ADE568E005EF7EF /* PBXContainerItemProxy */ = {
			isa = PBXContainerItemProxy;
			containerPortal = DC14DEEF2ADE568D005EF7EF /* Project object */;
			proxyType = 1;
			remoteGlobalIDString = DC14DEF62ADE568D005EF7EF;
			remoteInfo = Pinch;
		};
/* End PBXContainerItemProxy section */

/* Begin PBXFileReference section */
		DC14DEF72ADE568D005EF7EF /* Pinch.app */ = {isa = PBXFileReference; explicitFileType = wrapper.application; includeInIndex = 0; path = Pinch.app; sourceTree = BUILT_PRODUCTS_DIR; };
		DC14DEFA2ADE568D005EF7EF /* PinchApp.swift */ = {isa = PBXFileReference; lastKnownFileType = sourcecode.swift; path = PinchApp.swift; sourceTree = "<group>"; };
		DC14DEFC2ADE568D005EF7EF /* ContentView.swift */ = {isa = PBXFileReference; lastKnownFileType = sourcecode.swift; path = ContentView.swift; sourceTree = "<group>"; };
		DC14DEFE2ADE568E005EF7EF /* Assets.xcassets */ = {isa = PBXFileReference; lastKnownFileType = folder.assetcatalog; path = Assets.xcassets; sourceTree = "<group>"; };
		DC14DF012ADE568E005EF7EF /* Preview Assets.xcassets */ = {isa = PBXFileReference; lastKnownFileType = folder.assetcatalog; path = "Preview Assets.xcassets"; sourceTree = "<group>"; };
		DC14DF072ADE568E005EF7EF /* PinchTests.xctest */ = {isa = PBXFileReference; explicitFileType = wrapper.cfbundle; includeInIndex = 0; path = PinchTests.xctest; sourceTree = BUILT_PRODUCTS_DIR; };
		DC14DF0B2ADE568E005EF7EF /* PinchTests.swift */ = {isa = PBXFileReference; lastKnownFileType = sourcecode.swift; path = PinchTests.swift; sourceTree = "<group>"; };
		DC14DF112ADE568E005EF7EF /* PinchUITests.xctest */ = {isa = PBXFileReference; explicitFileType = wrapper.cfbundle; includeInIndex = 0; path = PinchUITests.xctest; sourceTree = BUILT_PRODUCTS_DIR; };
		DC14DF152ADE568E005EF7EF /* PinchUITests.swift */ = {isa = PBXFileReference; lastKnownFileType = sourcecode.swift; path = PinchUITests.swift; sourceTree = "<group>"; };
		DC14DF172ADE568E005EF7EF /* PinchUITestsLaunchTests.swift */ = {isa = PBXFileReference; lastKnownFileType = sourcecode.swift; path = PinchUITestsLaunchTests.swift; sourceTree = "<group>"; };
		DC98017E2AE027E600627417 /* InfoPanelView.swift */ = {isa = PBXFileReference; lastKnownFileType = sourcecode.swift; path = InfoPanelView.swift; sourceTree = "<group>"; };
		DC9801802AE051F500627417 /* ControlImageView.swift */ = {isa = PBXFileReference; lastKnownFileType = sourcecode.swift; path = ControlImageView.swift; sourceTree = "<group>"; };
/* End PBXFileReference section */

/* Begin PBXFrameworksBuildPhase section */
		DC14DEF42ADE568D005EF7EF /* Frameworks */ = {
			isa = PBXFrameworksBuildPhase;
			buildActionMask = 2147483647;
			files = (
			);
			runOnlyForDeploymentPostprocessing = 0;
		};
		DC14DF042ADE568E005EF7EF /* Frameworks */ = {
			isa = PBXFrameworksBuildPhase;
			buildActionMask = 2147483647;
			files = (
			);
			runOnlyForDeploymentPostprocessing = 0;
		};
		DC14DF0E2ADE568E005EF7EF /* Frameworks */ = {
			isa = PBXFrameworksBuildPhase;
			buildActionMask = 2147483647;
			files = (
			);
			runOnlyForDeploymentPostprocessing = 0;
		};
/* End PBXFrameworksBuildPhase section */

/* Begin PBXGroup section */
		DC14DEEE2ADE568D005EF7EF = {
			isa = PBXGroup;
			children = (
				DC14DEF92ADE568D005EF7EF /* Pinch */,
				DC14DF0A2ADE568E005EF7EF /* PinchTests */,
				DC14DF142ADE568E005EF7EF /* PinchUITests */,
				DC14DEF82ADE568D005EF7EF /* Products */,
			);
			sourceTree = "<group>";
		};
		DC14DEF82ADE568D005EF7EF /* Products */ = {
			isa = PBXGroup;
			children = (
				DC14DEF72ADE568D005EF7EF /* Pinch.app */,
				DC14DF072ADE568E005EF7EF /* PinchTests.xctest */,
				DC14DF112ADE568E005EF7EF /* PinchUITests.xctest */,
			);
			name = Products;
			sourceTree = "<group>";
		};
		DC14DEF92ADE568D005EF7EF /* Pinch */ = {
			isa = PBXGroup;
			children = (
				DC14DEFA2ADE568D005EF7EF /* PinchApp.swift */,
				DC98017D2AE027D400627417 /* View */,
				DC98017C2AE007EF00627417 /* Screen */,
				DC14DEFE2ADE568E005EF7EF /* Assets.xcassets */,
				DC14DF002ADE568E005EF7EF /* Preview Content */,
			);
			path = Pinch;
			sourceTree = "<group>";
		};
		DC14DF002ADE568E005EF7EF /* Preview Content */ = {
			isa = PBXGroup;
			children = (
				DC14DF012ADE568E005EF7EF /* Preview Assets.xcassets */,
			);
			path = "Preview Content";
			sourceTree = "<group>";
		};
		DC14DF0A2ADE568E005EF7EF /* PinchTests */ = {
			isa = PBXGroup;
			children = (
				DC14DF0B2ADE568E005EF7EF /* PinchTests.swift */,
			);
			path = PinchTests;
			sourceTree = "<group>";
		};
		DC14DF142ADE568E005EF7EF /* PinchUITests */ = {
			isa = PBXGroup;
			children = (
				DC14DF152ADE568E005EF7EF /* PinchUITests.swift */,
				DC14DF172ADE568E005EF7EF /* PinchUITestsLaunchTests.swift */,
			);
			path = PinchUITests;
			sourceTree = "<group>";
		};
		DC98017C2AE007EF00627417 /* Screen */ = {
			isa = PBXGroup;
			children = (
				DC14DEFC2ADE568D005EF7EF /* ContentView.swift */,
			);
			path = Screen;
			sourceTree = "<group>";
		};
		DC98017D2AE027D400627417 /* View */ = {
			isa = PBXGroup;
			children = (
				DC98017E2AE027E600627417 /* InfoPanelView.swift */,
				DC9801802AE051F500627417 /* ControlImageView.swift */,
			);
			path = View;
			sourceTree = "<group>";
		};
/* End PBXGroup section */

/* Begin PBXNativeTarget section */
		DC14DEF62ADE568D005EF7EF /* Pinch */ = {
			isa = PBXNativeTarget;
			buildConfigurationList = DC14DF1B2ADE568E005EF7EF /* Build configuration list for PBXNativeTarget "Pinch" */;
			buildPhases = (
				DC14DEF32ADE568D005EF7EF /* Sources */,
				DC14DEF42ADE568D005EF7EF /* Frameworks */,
				DC14DEF52ADE568D005EF7EF /* Resources */,
			);
			buildRules = (
			);
			dependencies = (
			);
			name = Pinch;
			productName = Pinch;
			productReference = DC14DEF72ADE568D005EF7EF /* Pinch.app */;
			productType = "com.apple.product-type.application";
		};
		DC14DF062ADE568E005EF7EF /* PinchTests */ = {
			isa = PBXNativeTarget;
			buildConfigurationList = DC14DF1E2ADE568E005EF7EF /* Build configuration list for PBXNativeTarget "PinchTests" */;
			buildPhases = (
				DC14DF032ADE568E005EF7EF /* Sources */,
				DC14DF042ADE568E005EF7EF /* Frameworks */,
				DC14DF052ADE568E005EF7EF /* Resources */,
			);
			buildRules = (
			);
			dependencies = (
				DC14DF092ADE568E005EF7EF /* PBXTargetDependency */,
			);
			name = PinchTests;
			productName = PinchTests;
			productReference = DC14DF072ADE568E005EF7EF /* PinchTests.xctest */;
			productType = "com.apple.product-type.bundle.unit-test";
		};
		DC14DF102ADE568E005EF7EF /* PinchUITests */ = {
			isa = PBXNativeTarget;
			buildConfigurationList = DC14DF212ADE568E005EF7EF /* Build configuration list for PBXNativeTarget "PinchUITests" */;
			buildPhases = (
				DC14DF0D2ADE568E005EF7EF /* Sources */,
				DC14DF0E2ADE568E005EF7EF /* Frameworks */,
				DC14DF0F2ADE568E005EF7EF /* Resources */,
			);
			buildRules = (
			);
			dependencies = (
				DC14DF132ADE568E005EF7EF /* PBXTargetDependency */,
			);
			name = PinchUITests;
			productName = PinchUITests;
			productReference = DC14DF112ADE568E005EF7EF /* PinchUITests.xctest */;
			productType = "com.apple.product-type.bundle.ui-testing";
		};
/* End PBXNativeTarget section */

/* Begin PBXProject section */
		DC14DEEF2ADE568D005EF7EF /* Project object */ = {
			isa = PBXProject;
			attributes = {
				BuildIndependentTargetsInParallel = 1;
				LastSwiftUpdateCheck = 1500;
				LastUpgradeCheck = 1500;
				TargetAttributes = {
					DC14DEF62ADE568D005EF7EF = {
						CreatedOnToolsVersion = 15.0;
					};
					DC14DF062ADE568E005EF7EF = {
						CreatedOnToolsVersion = 15.0;
						TestTargetID = DC14DEF62ADE568D005EF7EF;
					};
					DC14DF102ADE568E005EF7EF = {
						CreatedOnToolsVersion = 15.0;
						TestTargetID = DC14DEF62ADE568D005EF7EF;
					};
				};
			};
			buildConfigurationList = DC14DEF22ADE568D005EF7EF /* Build configuration list for PBXProject "Pinch" */;
			compatibilityVersion = "Xcode 14.0";
			developmentRegion = en;
			hasScannedForEncodings = 0;
			knownRegions = (
				en,
				Base,
			);
			mainGroup = DC14DEEE2ADE568D005EF7EF;
			productRefGroup = DC14DEF82ADE568D005EF7EF /* Products */;
			projectDirPath = "";
			projectRoot = "";
			targets = (
				DC14DEF62ADE568D005EF7EF /* Pinch */,
				DC14DF062ADE568E005EF7EF /* PinchTests */,
				DC14DF102ADE568E005EF7EF /* PinchUITests */,
			);
		};
/* End PBXProject section */

/* Begin PBXResourcesBuildPhase section */
		DC14DEF52ADE568D005EF7EF /* Resources */ = {
			isa = PBXResourcesBuildPhase;
			buildActionMask = 2147483647;
			files = (
				DC14DF022ADE568E005EF7EF /* Preview Assets.xcassets in Resources */,
				DC14DEFF2ADE568E005EF7EF /* Assets.xcassets in Resources */,
			);
			runOnlyForDeploymentPostprocessing = 0;
		};
		DC14DF052ADE568E005EF7EF /* Resources */ = {
			isa = PBXResourcesBuildPhase;
			buildActionMask = 2147483647;
			files = (
			);
			runOnlyForDeploymentPostprocessing = 0;
		};
		DC14DF0F2ADE568E005EF7EF /* Resources */ = {
			isa = PBXResourcesBuildPhase;
			buildActionMask = 2147483647;
			files = (
			);
			runOnlyForDeploymentPostprocessing = 0;
		};
/* End PBXResourcesBuildPhase section */

/* Begin PBXSourcesBuildPhase section */
		DC14DEF32ADE568D005EF7EF /* Sources */ = {
			isa = PBXSourcesBuildPhase;
			buildActionMask = 2147483647;
			files = (
				DC9801812AE051F500627417 /* ControlImageView.swift in Sources */,
				DC14DEFD2ADE568D005EF7EF /* ContentView.swift in Sources */,
				DC14DEFB2ADE568D005EF7EF /* PinchApp.swift in Sources */,
				DC98017F2AE027E700627417 /* InfoPanelView.swift in Sources */,
			);
			runOnlyForDeploymentPostprocessing = 0;
		};
		DC14DF032ADE568E005EF7EF /* Sources */ = {
			isa = PBXSourcesBuildPhase;
			buildActionMask = 2147483647;
			files = (
				DC14DF0C2ADE568E005EF7EF /* PinchTests.swift in Sources */,
			);
			runOnlyForDeploymentPostprocessing = 0;
		};
		DC14DF0D2ADE568E005EF7EF /* Sources */ = {
			isa = PBXSourcesBuildPhase;
			buildActionMask = 2147483647;
			files = (
				DC14DF162ADE568E005EF7EF /* PinchUITests.swift in Sources */,
				DC14DF182ADE568E005EF7EF /* PinchUITestsLaunchTests.swift in Sources */,
			);
			runOnlyForDeploymentPostprocessing = 0;
		};
/* End PBXSourcesBuildPhase section */

/* Begin PBXTargetDependency section */
		DC14DF092ADE568E005EF7EF /* PBXTargetDependency */ = {
			isa = PBXTargetDependency;
			target = DC14DEF62ADE568D005EF7EF /* Pinch */;
			targetProxy = DC14DF082ADE568E005EF7EF /* PBXContainerItemProxy */;
		};
		DC14DF132ADE568E005EF7EF /* PBXTargetDependency */ = {
			isa = PBXTargetDependency;
			target = DC14DEF62ADE568D005EF7EF /* Pinch */;
			targetProxy = DC14DF122ADE568E005EF7EF /* PBXContainerItemProxy */;
		};
/* End PBXTargetDependency section */

/* Begin XCBuildConfiguration section */
		DC14DF192ADE568E005EF7EF /* Debug */ = {
			isa = XCBuildConfiguration;
			buildSettings = {
				ALWAYS_SEARCH_USER_PATHS = NO;
				ASSETCATALOG_COMPILER_GENERATE_SWIFT_ASSET_SYMBOL_EXTENSIONS = YES;
				CLANG_ANALYZER_NONNULL = YES;
				CLANG_ANALYZER_NUMBER_OBJECT_CONVERSION = YES_AGGRESSIVE;
				CLANG_CXX_LANGUAGE_STANDARD = "gnu++20";
				CLANG_ENABLE_MODULES = YES;
				CLANG_ENABLE_OBJC_ARC = YES;
				CLANG_ENABLE_OBJC_WEAK = YES;
				CLANG_WARN_BLOCK_CAPTURE_AUTORELEASING = YES;
				CLANG_WARN_BOOL_CONVERSION = YES;
				CLANG_WARN_COMMA = YES;
				CLANG_WARN_CONSTANT_CONVERSION = YES;
				CLANG_WARN_DEPRECATED_OBJC_IMPLEMENTATIONS = YES;
				CLANG_WARN_DIRECT_OBJC_ISA_USAGE = YES_ERROR;
				CLANG_WARN_DOCUMENTATION_COMMENTS = YES;
				CLANG_WARN_EMPTY_BODY = YES;
				CLANG_WARN_ENUM_CONVERSION = YES;
				CLANG_WARN_INFINITE_RECURSION = YES;
				CLANG_WARN_INT_CONVERSION = YES;
				CLANG_WARN_NON_LITERAL_NULL_CONVERSION = YES;
				CLANG_WARN_OBJC_IMPLICIT_RETAIN_SELF = YES;
				CLANG_WARN_OBJC_LITERAL_CONVERSION = YES;
				CLANG_WARN_OBJC_ROOT_CLASS = YES_ERROR;
				CLANG_WARN_QUOTED_INCLUDE_IN_FRAMEWORK_HEADER = YES;
				CLANG_WARN_RANGE_LOOP_ANALYSIS = YES;
				CLANG_WARN_STRICT_PROTOTYPES = YES;
				CLANG_WARN_SUSPICIOUS_MOVE = YES;
				CLANG_WARN_UNGUARDED_AVAILABILITY = YES_AGGRESSIVE;
				CLANG_WARN_UNREACHABLE_CODE = YES;
				CLANG_WARN__DUPLICATE_METHOD_MATCH = YES;
				COPY_PHASE_STRIP = NO;
				DEBUG_INFORMATION_FORMAT = dwarf;
				ENABLE_STRICT_OBJC_MSGSEND = YES;
				ENABLE_TESTABILITY = YES;
				ENABLE_USER_SCRIPT_SANDBOXING = YES;
				GCC_C_LANGUAGE_STANDARD = gnu17;
				GCC_DYNAMIC_NO_PIC = NO;
				GCC_NO_COMMON_BLOCKS = YES;
				GCC_OPTIMIZATION_LEVEL = 0;
				GCC_PREPROCESSOR_DEFINITIONS = (
					"DEBUG=1",
					"$(inherited)",
				);
				GCC_WARN_64_TO_32_BIT_CONVERSION = YES;
				GCC_WARN_ABOUT_RETURN_TYPE = YES_ERROR;
				GCC_WARN_UNDECLARED_SELECTOR = YES;
				GCC_WARN_UNINITIALIZED_AUTOS = YES_AGGRESSIVE;
				GCC_WARN_UNUSED_FUNCTION = YES;
				GCC_WARN_UNUSED_VARIABLE = YES;
				IPHONEOS_DEPLOYMENT_TARGET = 17.0;
				LOCALIZATION_PREFERS_STRING_CATALOGS = YES;
				MTL_ENABLE_DEBUG_INFO = INCLUDE_SOURCE;
				MTL_FAST_MATH = YES;
				ONLY_ACTIVE_ARCH = YES;
				SDKROOT = iphoneos;
				SWIFT_ACTIVE_COMPILATION_CONDITIONS = "DEBUG $(inherited)";
				SWIFT_OPTIMIZATION_LEVEL = "-Onone";
			};
			name = Debug;
		};
		DC14DF1A2ADE568E005EF7EF /* Release */ = {
			isa = XCBuildConfiguration;
			buildSettings = {
				ALWAYS_SEARCH_USER_PATHS = NO;
				ASSETCATALOG_COMPILER_GENERATE_SWIFT_ASSET_SYMBOL_EXTENSIONS = YES;
				CLANG_ANALYZER_NONNULL = YES;
				CLANG_ANALYZER_NUMBER_OBJECT_CONVERSION = YES_AGGRESSIVE;
				CLANG_CXX_LANGUAGE_STANDARD = "gnu++20";
				CLANG_ENABLE_MODULES = YES;
				CLANG_ENABLE_OBJC_ARC = YES;
				CLANG_ENABLE_OBJC_WEAK = YES;
				CLANG_WARN_BLOCK_CAPTURE_AUTORELEASING = YES;
				CLANG_WARN_BOOL_CONVERSION = YES;
				CLANG_WARN_COMMA = YES;
				CLANG_WARN_CONSTANT_CONVERSION = YES;
				CLANG_WARN_DEPRECATED_OBJC_IMPLEMENTATIONS = YES;
				CLANG_WARN_DIRECT_OBJC_ISA_USAGE = YES_ERROR;
				CLANG_WARN_DOCUMENTATION_COMMENTS = YES;
				CLANG_WARN_EMPTY_BODY = YES;
				CLANG_WARN_ENUM_CONVERSION = YES;
				CLANG_WARN_INFINITE_RECURSION = YES;
				CLANG_WARN_INT_CONVERSION = YES;
				CLANG_WARN_NON_LITERAL_NULL_CONVERSION = YES;
				CLANG_WARN_OBJC_IMPLICIT_RETAIN_SELF = YES;
				CLANG_WARN_OBJC_LITERAL_CONVERSION = YES;
				CLANG_WARN_OBJC_ROOT_CLASS = YES_ERROR;
				CLANG_WARN_QUOTED_INCLUDE_IN_FRAMEWORK_HEADER = YES;
				CLANG_WARN_RANGE_LOOP_ANALYSIS = YES;
				CLANG_WARN_STRICT_PROTOTYPES = YES;
				CLANG_WARN_SUSPICIOUS_MOVE = YES;
				CLANG_WARN_UNGUARDED_AVAILABILITY = YES_AGGRESSIVE;
				CLANG_WARN_UNREACHABLE_CODE = YES;
				CLANG_WARN__DUPLICATE_METHOD_MATCH = YES;
				COPY_PHASE_STRIP = NO;
				DEBUG_INFORMATION_FORMAT = "dwarf-with-dsym";
				ENABLE_NS_ASSERTIONS = NO;
				ENABLE_STRICT_OBJC_MSGSEND = YES;
				ENABLE_USER_SCRIPT_SANDBOXING = YES;
				GCC_C_LANGUAGE_STANDARD = gnu17;
				GCC_NO_COMMON_BLOCKS = YES;
				GCC_WARN_64_TO_32_BIT_CONVERSION = YES;
				GCC_WARN_ABOUT_RETURN_TYPE = YES_ERROR;
				GCC_WARN_UNDECLARED_SELECTOR = YES;
				GCC_WARN_UNINITIALIZED_AUTOS = YES_AGGRESSIVE;
				GCC_WARN_UNUSED_FUNCTION = YES;
				GCC_WARN_UNUSED_VARIABLE = YES;
				IPHONEOS_DEPLOYMENT_TARGET = 17.0;
				LOCALIZATION_PREFERS_STRING_CATALOGS = YES;
				MTL_ENABLE_DEBUG_INFO = NO;
				MTL_FAST_MATH = YES;
				SDKROOT = iphoneos;
				SWIFT_COMPILATION_MODE = wholemodule;
				VALIDATE_PRODUCT = YES;
			};
			name = Release;
		};
		DC14DF1C2ADE568E005EF7EF /* Debug */ = {
			isa = XCBuildConfiguration;
			buildSettings = {
				ASSETCATALOG_COMPILER_APPICON_NAME = AppIcon;
				ASSETCATALOG_COMPILER_GLOBAL_ACCENT_COLOR_NAME = AccentColor;
				CODE_SIGN_STYLE = Automatic;
				CURRENT_PROJECT_VERSION = 1;
				DEVELOPMENT_ASSET_PATHS = "\"Pinch/Preview Content\"";
				DEVELOPMENT_TEAM = LL2474LCV3;
				ENABLE_PREVIEWS = YES;
				GENERATE_INFOPLIST_FILE = YES;
				INFOPLIST_KEY_UIApplicationSceneManifest_Generation = YES;
				INFOPLIST_KEY_UIApplicationSupportsIndirectInputEvents = YES;
				INFOPLIST_KEY_UILaunchScreen_Generation = YES;
				INFOPLIST_KEY_UISupportedInterfaceOrientations_iPad = "UIInterfaceOrientationPortrait UIInterfaceOrientationPortraitUpsideDown UIInterfaceOrientationLandscapeLeft UIInterfaceOrientationLandscapeRight";
				INFOPLIST_KEY_UISupportedInterfaceOrientations_iPhone = "UIInterfaceOrientationPortrait UIInterfaceOrientationLandscapeLeft UIInterfaceOrientationLandscapeRight";
				LD_RUNPATH_SEARCH_PATHS = (
					"$(inherited)",
					"@executable_path/Frameworks",
				);
				MARKETING_VERSION = 1.0;
				PRODUCT_BUNDLE_IDENTIFIER = com.jreybaylen.Pinch;
				PRODUCT_NAME = "$(TARGET_NAME)";
				SWIFT_EMIT_LOC_STRINGS = YES;
				SWIFT_VERSION = 5.0;
				TARGETED_DEVICE_FAMILY = "1,2";
			};
			name = Debug;
		};
		DC14DF1D2ADE568E005EF7EF /* Release */ = {
			isa = XCBuildConfiguration;
			buildSettings = {
				ASSETCATALOG_COMPILER_APPICON_NAME = AppIcon;
				ASSETCATALOG_COMPILER_GLOBAL_ACCENT_COLOR_NAME = AccentColor;
				CODE_SIGN_STYLE = Automatic;
				CURRENT_PROJECT_VERSION = 1;
				DEVELOPMENT_ASSET_PATHS = "\"Pinch/Preview Content\"";
				DEVELOPMENT_TEAM = LL2474LCV3;
				ENABLE_PREVIEWS = YES;
				GENERATE_INFOPLIST_FILE = YES;
				INFOPLIST_KEY_UIApplicationSceneManifest_Generation = YES;
				INFOPLIST_KEY_UIApplicationSupportsIndirectInputEvents = YES;
				INFOPLIST_KEY_UILaunchScreen_Generation = YES;
				INFOPLIST_KEY_UISupportedInterfaceOrientations_iPad = "UIInterfaceOrientationPortrait UIInterfaceOrientationPortraitUpsideDown UIInterfaceOrientationLandscapeLeft UIInterfaceOrientationLandscapeRight";
				INFOPLIST_KEY_UISupportedInterfaceOrientations_iPhone = "UIInterfaceOrientationPortrait UIInterfaceOrientationLandscapeLeft UIInterfaceOrientationLandscapeRight";
				LD_RUNPATH_SEARCH_PATHS = (
					"$(inherited)",
					"@executable_path/Frameworks",
				);
				MARKETING_VERSION = 1.0;
				PRODUCT_BUNDLE_IDENTIFIER = com.jreybaylen.Pinch;
				PRODUCT_NAME = "$(TARGET_NAME)";
				SWIFT_EMIT_LOC_STRINGS = YES;
				SWIFT_VERSION = 5.0;
				TARGETED_DEVICE_FAMILY = "1,2";
			};
			name = Release;
		};
		DC14DF1F2ADE568E005EF7EF /* Debug */ = {
			isa = XCBuildConfiguration;
			buildSettings = {
				ALWAYS_EMBED_SWIFT_STANDARD_LIBRARIES = YES;
				BUNDLE_LOADER = "$(TEST_HOST)";
				CODE_SIGN_STYLE = Automatic;
				CURRENT_PROJECT_VERSION = 1;
				DEVELOPMENT_TEAM = LL2474LCV3;
				GENERATE_INFOPLIST_FILE = YES;
				IPHONEOS_DEPLOYMENT_TARGET = 17.0;
				MARKETING_VERSION = 1.0;
				PRODUCT_BUNDLE_IDENTIFIER = com.jreybaylen.PinchTests;
				PRODUCT_NAME = "$(TARGET_NAME)";
				SWIFT_EMIT_LOC_STRINGS = NO;
				SWIFT_VERSION = 5.0;
				TARGETED_DEVICE_FAMILY = "1,2";
				TEST_HOST = "$(BUILT_PRODUCTS_DIR)/Pinch.app/$(BUNDLE_EXECUTABLE_FOLDER_PATH)/Pinch";
			};
			name = Debug;
		};
		DC14DF202ADE568E005EF7EF /* Release */ = {
			isa = XCBuildConfiguration;
			buildSettings = {
				ALWAYS_EMBED_SWIFT_STANDARD_LIBRARIES = YES;
				BUNDLE_LOADER = "$(TEST_HOST)";
				CODE_SIGN_STYLE = Automatic;
				CURRENT_PROJECT_VERSION = 1;
				DEVELOPMENT_TEAM = LL2474LCV3;
				GENERATE_INFOPLIST_FILE = YES;
				IPHONEOS_DEPLOYMENT_TARGET = 17.0;
				MARKETING_VERSION = 1.0;
				PRODUCT_BUNDLE_IDENTIFIER = com.jreybaylen.PinchTests;
				PRODUCT_NAME = "$(TARGET_NAME)";
				SWIFT_EMIT_LOC_STRINGS = NO;
				SWIFT_VERSION = 5.0;
				TARGETED_DEVICE_FAMILY = "1,2";
				TEST_HOST = "$(BUILT_PRODUCTS_DIR)/Pinch.app/$(BUNDLE_EXECUTABLE_FOLDER_PATH)/Pinch";
			};
			name = Release;
		};
		DC14DF222ADE568E005EF7EF /* Debug */ = {
			isa = XCBuildConfiguration;
			buildSettings = {
				ALWAYS_EMBED_SWIFT_STANDARD_LIBRARIES = YES;
				CODE_SIGN_STYLE = Automatic;
				CURRENT_PROJECT_VERSION = 1;
				DEVELOPMENT_TEAM = LL2474LCV3;
				GENERATE_INFOPLIST_FILE = YES;
				MARKETING_VERSION = 1.0;
				PRODUCT_BUNDLE_IDENTIFIER = com.jreybaylen.PinchUITests;
				PRODUCT_NAME = "$(TARGET_NAME)";
				SWIFT_EMIT_LOC_STRINGS = NO;
				SWIFT_VERSION = 5.0;
				TARGETED_DEVICE_FAMILY = "1,2";
				TEST_TARGET_NAME = Pinch;
			};
			name = Debug;
		};
		DC14DF232ADE568E005EF7EF /* Release */ = {
			isa = XCBuildConfiguration;
			buildSettings = {
				ALWAYS_EMBED_SWIFT_STANDARD_LIBRARIES = YES;
				CODE_SIGN_STYLE = Automatic;
				CURRENT_PROJECT_VERSION = 1;
				DEVELOPMENT_TEAM = LL2474LCV3;
				GENERATE_INFOPLIST_FILE = YES;
				MARKETING_VERSION = 1.0;
				PRODUCT_BUNDLE_IDENTIFIER = com.jreybaylen.PinchUITests;
				PRODUCT_NAME = "$(TARGET_NAME)";
				SWIFT_EMIT_LOC_STRINGS = NO;
				SWIFT_VERSION = 5.0;
				TARGETED_DEVICE_FAMILY = "1,2";
				TEST_TARGET_NAME = Pinch;
			};
			name = Release;
		};
/* End XCBuildConfiguration section */

/* Begin XCConfigurationList section */
		DC14DEF22ADE568D005EF7EF /* Build configuration list for PBXProject "Pinch" */ = {
			isa = XCConfigurationList;
			buildConfigurations = (
				DC14DF192ADE568E005EF7EF /* Debug */,
				DC14DF1A2ADE568E005EF7EF /* Release */,
			);
			defaultConfigurationIsVisible = 0;
			defaultConfigurationName = Release;
		};
		DC14DF1B2ADE568E005EF7EF /* Build configuration list for PBXNativeTarget "Pinch" */ = {
			isa = XCConfigurationList;
			buildConfigurations = (
				DC14DF1C2ADE568E005EF7EF /* Debug */,
				DC14DF1D2ADE568E005EF7EF /* Release */,
			);
			defaultConfigurationIsVisible = 0;
			defaultConfigurationName = Release;
		};
		DC14DF1E2ADE568E005EF7EF /* Build configuration list for PBXNativeTarget "PinchTests" */ = {
			isa = XCConfigurationList;
			buildConfigurations = (
				DC14DF1F2ADE568E005EF7EF /* Debug */,
				DC14DF202ADE568E005EF7EF /* Release */,
			);
			defaultConfigurationIsVisible = 0;
			defaultConfigurationName = Release;
		};
		DC14DF212ADE568E005EF7EF /* Build configuration list for PBXNativeTarget "PinchUITests" */ = {
			isa = XCConfigurationList;
			buildConfigurations = (
				DC14DF222ADE568E005EF7EF /* Debug */,
				DC14DF232ADE568E005EF7EF /* Release */,
			);
			defaultConfigurationIsVisible = 0;
			defaultConfigurationName = Release;
		};
/* End XCConfigurationList section */
	};
	rootObject = DC14DEEF2ADE568D005EF7EF /* Project object */;
}
