// !$*UTF8*$!
{
	archiveVersion = 1;
	classes = {
	};
	objectVersion = 56;
	objects = {

/* Begin PBXBuildFile section */
		DC944AAF2AE815AA00DB3D12 /* FruitsModel.swift in Sources */ = {isa = PBXBuildFile; fileRef = DC944AAE2AE815AA00DB3D12 /* FruitsModel.swift */; };
		DC944AB52AE81C6E00DB3D12 /* FruitsData.swift in Sources */ = {isa = PBXBuildFile; fileRef = DC944AB42AE81C6E00DB3D12 /* FruitsData.swift */; };
		DC944ABE2AE81DB200DB3D12 /* FruitsScreen.swift in Sources */ = {isa = PBXBuildFile; fileRef = DC944ABD2AE81DB200DB3D12 /* FruitsScreen.swift */; };
		DC944AC02AE81DD500DB3D12 /* OnboardingScreen.swift in Sources */ = {isa = PBXBuildFile; fileRef = DC944ABF2AE81DD500DB3D12 /* OnboardingScreen.swift */; };
		DC944AC22AE81E7A00DB3D12 /* OnboardingFruitView.swift in Sources */ = {isa = PBXBuildFile; fileRef = DC944AC12AE81E7A00DB3D12 /* OnboardingFruitView.swift */; };
		DC944ACC2AE8374100DB3D12 /* OnboardingStartButtonView.swift in Sources */ = {isa = PBXBuildFile; fileRef = DC944ACB2AE8374100DB3D12 /* OnboardingStartButtonView.swift */; };
		DC944ACE2AE8380100DB3D12 /* FruitImageHeaderView.swift in Sources */ = {isa = PBXBuildFile; fileRef = DC944ACD2AE8380100DB3D12 /* FruitImageHeaderView.swift */; };
		DC944AD02AE8387E00DB3D12 /* FruitImageView.swift in Sources */ = {isa = PBXBuildFile; fileRef = DC944ACF2AE8387E00DB3D12 /* FruitImageView.swift */; };
		DC944AD22AE852D600DB3D12 /* FruitDetailsScreen.swift in Sources */ = {isa = PBXBuildFile; fileRef = DC944AD12AE852D600DB3D12 /* FruitDetailsScreen.swift */; };
		DCD7D96D2AE19A1F00426C22 /* FructusApp.swift in Sources */ = {isa = PBXBuildFile; fileRef = DCD7D96C2AE19A1F00426C22 /* FructusApp.swift */; };
		DCD7D9712AE19A2100426C22 /* Assets.xcassets in Resources */ = {isa = PBXBuildFile; fileRef = DCD7D9702AE19A2100426C22 /* Assets.xcassets */; };
		DCD7D9742AE19A2100426C22 /* Preview Assets.xcassets in Resources */ = {isa = PBXBuildFile; fileRef = DCD7D9732AE19A2100426C22 /* Preview Assets.xcassets */; };
		DCD7D97E2AE19A2100426C22 /* FructusTests.swift in Sources */ = {isa = PBXBuildFile; fileRef = DCD7D97D2AE19A2100426C22 /* FructusTests.swift */; };
		DCD7D9882AE19A2100426C22 /* FructusUITests.swift in Sources */ = {isa = PBXBuildFile; fileRef = DCD7D9872AE19A2100426C22 /* FructusUITests.swift */; };
		DCD7D98A2AE19A2100426C22 /* FructusUITestsLaunchTests.swift in Sources */ = {isa = PBXBuildFile; fileRef = DCD7D9892AE19A2100426C22 /* FructusUITestsLaunchTests.swift */; };
/* End PBXBuildFile section */

/* Begin PBXContainerItemProxy section */
		DCD7D97A2AE19A2100426C22 /* PBXContainerItemProxy */ = {
			isa = PBXContainerItemProxy;
			containerPortal = DCD7D9612AE19A1F00426C22 /* Project object */;
			proxyType = 1;
			remoteGlobalIDString = DCD7D9682AE19A1F00426C22;
			remoteInfo = Fructus;
		};
		DCD7D9842AE19A2100426C22 /* PBXContainerItemProxy */ = {
			isa = PBXContainerItemProxy;
			containerPortal = DCD7D9612AE19A1F00426C22 /* Project object */;
			proxyType = 1;
			remoteGlobalIDString = DCD7D9682AE19A1F00426C22;
			remoteInfo = Fructus;
		};
/* End PBXContainerItemProxy section */

/* Begin PBXFileReference section */
		DC944AAE2AE815AA00DB3D12 /* FruitsModel.swift */ = {isa = PBXFileReference; lastKnownFileType = sourcecode.swift; path = FruitsModel.swift; sourceTree = "<group>"; };
		DC944AB42AE81C6E00DB3D12 /* FruitsData.swift */ = {isa = PBXFileReference; lastKnownFileType = sourcecode.swift; path = FruitsData.swift; sourceTree = "<group>"; };
		DC944ABD2AE81DB200DB3D12 /* FruitsScreen.swift */ = {isa = PBXFileReference; lastKnownFileType = sourcecode.swift; path = FruitsScreen.swift; sourceTree = "<group>"; };
		DC944ABF2AE81DD500DB3D12 /* OnboardingScreen.swift */ = {isa = PBXFileReference; lastKnownFileType = sourcecode.swift; path = OnboardingScreen.swift; sourceTree = "<group>"; };
		DC944AC12AE81E7A00DB3D12 /* OnboardingFruitView.swift */ = {isa = PBXFileReference; lastKnownFileType = sourcecode.swift; path = OnboardingFruitView.swift; sourceTree = "<group>"; };
		DC944ACB2AE8374100DB3D12 /* OnboardingStartButtonView.swift */ = {isa = PBXFileReference; lastKnownFileType = sourcecode.swift; path = OnboardingStartButtonView.swift; sourceTree = "<group>"; };
		DC944ACD2AE8380100DB3D12 /* FruitImageHeaderView.swift */ = {isa = PBXFileReference; lastKnownFileType = sourcecode.swift; path = FruitImageHeaderView.swift; sourceTree = "<group>"; };
		DC944ACF2AE8387E00DB3D12 /* FruitImageView.swift */ = {isa = PBXFileReference; lastKnownFileType = sourcecode.swift; path = FruitImageView.swift; sourceTree = "<group>"; };
		DC944AD12AE852D600DB3D12 /* FruitDetailsScreen.swift */ = {isa = PBXFileReference; lastKnownFileType = sourcecode.swift; path = FruitDetailsScreen.swift; sourceTree = "<group>"; };
		DCD7D9692AE19A1F00426C22 /* Fructus.app */ = {isa = PBXFileReference; explicitFileType = wrapper.application; includeInIndex = 0; path = Fructus.app; sourceTree = BUILT_PRODUCTS_DIR; };
		DCD7D96C2AE19A1F00426C22 /* FructusApp.swift */ = {isa = PBXFileReference; lastKnownFileType = sourcecode.swift; path = FructusApp.swift; sourceTree = "<group>"; };
		DCD7D9702AE19A2100426C22 /* Assets.xcassets */ = {isa = PBXFileReference; lastKnownFileType = folder.assetcatalog; path = Assets.xcassets; sourceTree = "<group>"; };
		DCD7D9732AE19A2100426C22 /* Preview Assets.xcassets */ = {isa = PBXFileReference; lastKnownFileType = folder.assetcatalog; path = "Preview Assets.xcassets"; sourceTree = "<group>"; };
		DCD7D9792AE19A2100426C22 /* FructusTests.xctest */ = {isa = PBXFileReference; explicitFileType = wrapper.cfbundle; includeInIndex = 0; path = FructusTests.xctest; sourceTree = BUILT_PRODUCTS_DIR; };
		DCD7D97D2AE19A2100426C22 /* FructusTests.swift */ = {isa = PBXFileReference; lastKnownFileType = sourcecode.swift; path = FructusTests.swift; sourceTree = "<group>"; };
		DCD7D9832AE19A2100426C22 /* FructusUITests.xctest */ = {isa = PBXFileReference; explicitFileType = wrapper.cfbundle; includeInIndex = 0; path = FructusUITests.xctest; sourceTree = BUILT_PRODUCTS_DIR; };
		DCD7D9872AE19A2100426C22 /* FructusUITests.swift */ = {isa = PBXFileReference; lastKnownFileType = sourcecode.swift; path = FructusUITests.swift; sourceTree = "<group>"; };
		DCD7D9892AE19A2100426C22 /* FructusUITestsLaunchTests.swift */ = {isa = PBXFileReference; lastKnownFileType = sourcecode.swift; path = FructusUITestsLaunchTests.swift; sourceTree = "<group>"; };
/* End PBXFileReference section */

/* Begin PBXFrameworksBuildPhase section */
		DCD7D9662AE19A1F00426C22 /* Frameworks */ = {
			isa = PBXFrameworksBuildPhase;
			buildActionMask = 2147483647;
			files = (
			);
			runOnlyForDeploymentPostprocessing = 0;
		};
		DCD7D9762AE19A2100426C22 /* Frameworks */ = {
			isa = PBXFrameworksBuildPhase;
			buildActionMask = 2147483647;
			files = (
			);
			runOnlyForDeploymentPostprocessing = 0;
		};
		DCD7D9802AE19A2100426C22 /* Frameworks */ = {
			isa = PBXFrameworksBuildPhase;
			buildActionMask = 2147483647;
			files = (
			);
			runOnlyForDeploymentPostprocessing = 0;
		};
/* End PBXFrameworksBuildPhase section */

/* Begin PBXGroup section */
		DC944AAD2AE8158800DB3D12 /* Model */ = {
			isa = PBXGroup;
			children = (
				DC944AAE2AE815AA00DB3D12 /* FruitsModel.swift */,
			);
			path = Model;
			sourceTree = "<group>";
		};
		DC944AB62AE81CA700DB3D12 /* Data */ = {
			isa = PBXGroup;
			children = (
				DC944AB42AE81C6E00DB3D12 /* FruitsData.swift */,
			);
			path = Data;
			sourceTree = "<group>";
		};
		DC944AB72AE81CBF00DB3D12 /* View */ = {
			isa = PBXGroup;
			children = (
				DC944AC12AE81E7A00DB3D12 /* OnboardingFruitView.swift */,
				DC944ACB2AE8374100DB3D12 /* OnboardingStartButtonView.swift */,
				DC944ACD2AE8380100DB3D12 /* FruitImageHeaderView.swift */,
				DC944ACF2AE8387E00DB3D12 /* FruitImageView.swift */,
			);
			path = View;
			sourceTree = "<group>";
		};
		DC944AB82AE81CE000DB3D12 /* App */ = {
			isa = PBXGroup;
			children = (
				DCD7D96C2AE19A1F00426C22 /* FructusApp.swift */,
				DC944ABF2AE81DD500DB3D12 /* OnboardingScreen.swift */,
				DC944ABD2AE81DB200DB3D12 /* FruitsScreen.swift */,
				DC944AD12AE852D600DB3D12 /* FruitDetailsScreen.swift */,
			);
			path = App;
			sourceTree = "<group>";
		};
		DCD7D9602AE19A1F00426C22 = {
			isa = PBXGroup;
			children = (
				DCD7D96B2AE19A1F00426C22 /* Fructus */,
				DCD7D97C2AE19A2100426C22 /* FructusTests */,
				DCD7D9862AE19A2100426C22 /* FructusUITests */,
				DCD7D96A2AE19A1F00426C22 /* Products */,
			);
			sourceTree = "<group>";
		};
		DCD7D96A2AE19A1F00426C22 /* Products */ = {
			isa = PBXGroup;
			children = (
				DCD7D9692AE19A1F00426C22 /* Fructus.app */,
				DCD7D9792AE19A2100426C22 /* FructusTests.xctest */,
				DCD7D9832AE19A2100426C22 /* FructusUITests.xctest */,
			);
			name = Products;
			sourceTree = "<group>";
		};
		DCD7D96B2AE19A1F00426C22 /* Fructus */ = {
			isa = PBXGroup;
			children = (
				DC944AB82AE81CE000DB3D12 /* App */,
				DC944AB72AE81CBF00DB3D12 /* View */,
				DC944AB62AE81CA700DB3D12 /* Data */,
				DC944AAD2AE8158800DB3D12 /* Model */,
				DCD7D9702AE19A2100426C22 /* Assets.xcassets */,
				DCD7D9722AE19A2100426C22 /* Preview Content */,
			);
			path = Fructus;
			sourceTree = "<group>";
		};
		DCD7D9722AE19A2100426C22 /* Preview Content */ = {
			isa = PBXGroup;
			children = (
				DCD7D9732AE19A2100426C22 /* Preview Assets.xcassets */,
			);
			path = "Preview Content";
			sourceTree = "<group>";
		};
		DCD7D97C2AE19A2100426C22 /* FructusTests */ = {
			isa = PBXGroup;
			children = (
				DCD7D97D2AE19A2100426C22 /* FructusTests.swift */,
			);
			path = FructusTests;
			sourceTree = "<group>";
		};
		DCD7D9862AE19A2100426C22 /* FructusUITests */ = {
			isa = PBXGroup;
			children = (
				DCD7D9872AE19A2100426C22 /* FructusUITests.swift */,
				DCD7D9892AE19A2100426C22 /* FructusUITestsLaunchTests.swift */,
			);
			path = FructusUITests;
			sourceTree = "<group>";
		};
/* End PBXGroup section */

/* Begin PBXNativeTarget section */
		DCD7D9682AE19A1F00426C22 /* Fructus */ = {
			isa = PBXNativeTarget;
			buildConfigurationList = DCD7D98D2AE19A2100426C22 /* Build configuration list for PBXNativeTarget "Fructus" */;
			buildPhases = (
				DCD7D9652AE19A1F00426C22 /* Sources */,
				DCD7D9662AE19A1F00426C22 /* Frameworks */,
				DCD7D9672AE19A1F00426C22 /* Resources */,
			);
			buildRules = (
			);
			dependencies = (
			);
			name = Fructus;
			productName = Fructus;
			productReference = DCD7D9692AE19A1F00426C22 /* Fructus.app */;
			productType = "com.apple.product-type.application";
		};
		DCD7D9782AE19A2100426C22 /* FructusTests */ = {
			isa = PBXNativeTarget;
			buildConfigurationList = DCD7D9902AE19A2100426C22 /* Build configuration list for PBXNativeTarget "FructusTests" */;
			buildPhases = (
				DCD7D9752AE19A2100426C22 /* Sources */,
				DCD7D9762AE19A2100426C22 /* Frameworks */,
				DCD7D9772AE19A2100426C22 /* Resources */,
			);
			buildRules = (
			);
			dependencies = (
				DCD7D97B2AE19A2100426C22 /* PBXTargetDependency */,
			);
			name = FructusTests;
			productName = FructusTests;
			productReference = DCD7D9792AE19A2100426C22 /* FructusTests.xctest */;
			productType = "com.apple.product-type.bundle.unit-test";
		};
		DCD7D9822AE19A2100426C22 /* FructusUITests */ = {
			isa = PBXNativeTarget;
			buildConfigurationList = DCD7D9932AE19A2100426C22 /* Build configuration list for PBXNativeTarget "FructusUITests" */;
			buildPhases = (
				DCD7D97F2AE19A2100426C22 /* Sources */,
				DCD7D9802AE19A2100426C22 /* Frameworks */,
				DCD7D9812AE19A2100426C22 /* Resources */,
			);
			buildRules = (
			);
			dependencies = (
				DCD7D9852AE19A2100426C22 /* PBXTargetDependency */,
			);
			name = FructusUITests;
			productName = FructusUITests;
			productReference = DCD7D9832AE19A2100426C22 /* FructusUITests.xctest */;
			productType = "com.apple.product-type.bundle.ui-testing";
		};
/* End PBXNativeTarget section */

/* Begin PBXProject section */
		DCD7D9612AE19A1F00426C22 /* Project object */ = {
			isa = PBXProject;
			attributes = {
				BuildIndependentTargetsInParallel = 1;
				LastSwiftUpdateCheck = 1500;
				LastUpgradeCheck = 1500;
				TargetAttributes = {
					DCD7D9682AE19A1F00426C22 = {
						CreatedOnToolsVersion = 15.0;
					};
					DCD7D9782AE19A2100426C22 = {
						CreatedOnToolsVersion = 15.0;
						TestTargetID = DCD7D9682AE19A1F00426C22;
					};
					DCD7D9822AE19A2100426C22 = {
						CreatedOnToolsVersion = 15.0;
						TestTargetID = DCD7D9682AE19A1F00426C22;
					};
				};
			};
			buildConfigurationList = DCD7D9642AE19A1F00426C22 /* Build configuration list for PBXProject "Fructus" */;
			compatibilityVersion = "Xcode 14.0";
			developmentRegion = en;
			hasScannedForEncodings = 0;
			knownRegions = (
				en,
				Base,
			);
			mainGroup = DCD7D9602AE19A1F00426C22;
			productRefGroup = DCD7D96A2AE19A1F00426C22 /* Products */;
			projectDirPath = "";
			projectRoot = "";
			targets = (
				DCD7D9682AE19A1F00426C22 /* Fructus */,
				DCD7D9782AE19A2100426C22 /* FructusTests */,
				DCD7D9822AE19A2100426C22 /* FructusUITests */,
			);
		};
/* End PBXProject section */

/* Begin PBXResourcesBuildPhase section */
		DCD7D9672AE19A1F00426C22 /* Resources */ = {
			isa = PBXResourcesBuildPhase;
			buildActionMask = 2147483647;
			files = (
				DCD7D9742AE19A2100426C22 /* Preview Assets.xcassets in Resources */,
				DCD7D9712AE19A2100426C22 /* Assets.xcassets in Resources */,
			);
			runOnlyForDeploymentPostprocessing = 0;
		};
		DCD7D9772AE19A2100426C22 /* Resources */ = {
			isa = PBXResourcesBuildPhase;
			buildActionMask = 2147483647;
			files = (
			);
			runOnlyForDeploymentPostprocessing = 0;
		};
		DCD7D9812AE19A2100426C22 /* Resources */ = {
			isa = PBXResourcesBuildPhase;
			buildActionMask = 2147483647;
			files = (
			);
			runOnlyForDeploymentPostprocessing = 0;
		};
/* End PBXResourcesBuildPhase section */

/* Begin PBXSourcesBuildPhase section */
		DCD7D9652AE19A1F00426C22 /* Sources */ = {
			isa = PBXSourcesBuildPhase;
			buildActionMask = 2147483647;
			files = (
				DCD7D96D2AE19A1F00426C22 /* FructusApp.swift in Sources */,
				DC944AD22AE852D600DB3D12 /* FruitDetailsScreen.swift in Sources */,
				DC944AD02AE8387E00DB3D12 /* FruitImageView.swift in Sources */,
				DC944AB52AE81C6E00DB3D12 /* FruitsData.swift in Sources */,
				DC944AC22AE81E7A00DB3D12 /* OnboardingFruitView.swift in Sources */,
				DC944AC02AE81DD500DB3D12 /* OnboardingScreen.swift in Sources */,
				DC944ACE2AE8380100DB3D12 /* FruitImageHeaderView.swift in Sources */,
				DC944ABE2AE81DB200DB3D12 /* FruitsScreen.swift in Sources */,
				DC944AAF2AE815AA00DB3D12 /* FruitsModel.swift in Sources */,
				DC944ACC2AE8374100DB3D12 /* OnboardingStartButtonView.swift in Sources */,
			);
			runOnlyForDeploymentPostprocessing = 0;
		};
		DCD7D9752AE19A2100426C22 /* Sources */ = {
			isa = PBXSourcesBuildPhase;
			buildActionMask = 2147483647;
			files = (
				DCD7D97E2AE19A2100426C22 /* FructusTests.swift in Sources */,
			);
			runOnlyForDeploymentPostprocessing = 0;
		};
		DCD7D97F2AE19A2100426C22 /* Sources */ = {
			isa = PBXSourcesBuildPhase;
			buildActionMask = 2147483647;
			files = (
				DCD7D9882AE19A2100426C22 /* FructusUITests.swift in Sources */,
				DCD7D98A2AE19A2100426C22 /* FructusUITestsLaunchTests.swift in Sources */,
			);
			runOnlyForDeploymentPostprocessing = 0;
		};
/* End PBXSourcesBuildPhase section */

/* Begin PBXTargetDependency section */
		DCD7D97B2AE19A2100426C22 /* PBXTargetDependency */ = {
			isa = PBXTargetDependency;
			target = DCD7D9682AE19A1F00426C22 /* Fructus */;
			targetProxy = DCD7D97A2AE19A2100426C22 /* PBXContainerItemProxy */;
		};
		DCD7D9852AE19A2100426C22 /* PBXTargetDependency */ = {
			isa = PBXTargetDependency;
			target = DCD7D9682AE19A1F00426C22 /* Fructus */;
			targetProxy = DCD7D9842AE19A2100426C22 /* PBXContainerItemProxy */;
		};
/* End PBXTargetDependency section */

/* Begin XCBuildConfiguration section */
		DCD7D98B2AE19A2100426C22 /* Debug */ = {
			isa = XCBuildConfiguration;
			buildSettings = {
				ALWAYS_SEARCH_USER_PATHS = NO;
				ASSETCATALOG_COMPILER_GENERATE_SWIFT_ASSET_SYMBOL_EXTENSIONS = YES;
				CLANG_ANALYZER_NONNULL = YES;
				CLANG_ANALYZER_NUMBER_OBJECT_CONVERSION = YES_AGGRESSIVE;
				CLANG_CXX_LANGUAGE_STANDARD = "gnu++20";
				CLANG_ENABLE_MODULES = YES;
				CLANG_ENABLE_OBJC_ARC = YES;
				CLANG_ENABLE_OBJC_WEAK = YES;
				CLANG_WARN_BLOCK_CAPTURE_AUTORELEASING = YES;
				CLANG_WARN_BOOL_CONVERSION = YES;
				CLANG_WARN_COMMA = YES;
				CLANG_WARN_CONSTANT_CONVERSION = YES;
				CLANG_WARN_DEPRECATED_OBJC_IMPLEMENTATIONS = YES;
				CLANG_WARN_DIRECT_OBJC_ISA_USAGE = YES_ERROR;
				CLANG_WARN_DOCUMENTATION_COMMENTS = YES;
				CLANG_WARN_EMPTY_BODY = YES;
				CLANG_WARN_ENUM_CONVERSION = YES;
				CLANG_WARN_INFINITE_RECURSION = YES;
				CLANG_WARN_INT_CONVERSION = YES;
				CLANG_WARN_NON_LITERAL_NULL_CONVERSION = YES;
				CLANG_WARN_OBJC_IMPLICIT_RETAIN_SELF = YES;
				CLANG_WARN_OBJC_LITERAL_CONVERSION = YES;
				CLANG_WARN_OBJC_ROOT_CLASS = YES_ERROR;
				CLANG_WARN_QUOTED_INCLUDE_IN_FRAMEWORK_HEADER = YES;
				CLANG_WARN_RANGE_LOOP_ANALYSIS = YES;
				CLANG_WARN_STRICT_PROTOTYPES = YES;
				CLANG_WARN_SUSPICIOUS_MOVE = YES;
				CLANG_WARN_UNGUARDED_AVAILABILITY = YES_AGGRESSIVE;
				CLANG_WARN_UNREACHABLE_CODE = YES;
				CLANG_WARN__DUPLICATE_METHOD_MATCH = YES;
				COPY_PHASE_STRIP = NO;
				DEBUG_INFORMATION_FORMAT = dwarf;
				ENABLE_STRICT_OBJC_MSGSEND = YES;
				ENABLE_TESTABILITY = YES;
				ENABLE_USER_SCRIPT_SANDBOXING = YES;
				GCC_C_LANGUAGE_STANDARD = gnu17;
				GCC_DYNAMIC_NO_PIC = NO;
				GCC_NO_COMMON_BLOCKS = YES;
				GCC_OPTIMIZATION_LEVEL = 0;
				GCC_PREPROCESSOR_DEFINITIONS = (
					"DEBUG=1",
					"$(inherited)",
				);
				GCC_WARN_64_TO_32_BIT_CONVERSION = YES;
				GCC_WARN_ABOUT_RETURN_TYPE = YES_ERROR;
				GCC_WARN_UNDECLARED_SELECTOR = YES;
				GCC_WARN_UNINITIALIZED_AUTOS = YES_AGGRESSIVE;
				GCC_WARN_UNUSED_FUNCTION = YES;
				GCC_WARN_UNUSED_VARIABLE = YES;
				IPHONEOS_DEPLOYMENT_TARGET = 17.0;
				LOCALIZATION_PREFERS_STRING_CATALOGS = YES;
				MTL_ENABLE_DEBUG_INFO = INCLUDE_SOURCE;
				MTL_FAST_MATH = YES;
				ONLY_ACTIVE_ARCH = YES;
				SDKROOT = iphoneos;
				SWIFT_ACTIVE_COMPILATION_CONDITIONS = "DEBUG $(inherited)";
				SWIFT_OPTIMIZATION_LEVEL = "-Onone";
			};
			name = Debug;
		};
		DCD7D98C2AE19A2100426C22 /* Release */ = {
			isa = XCBuildConfiguration;
			buildSettings = {
				ALWAYS_SEARCH_USER_PATHS = NO;
				ASSETCATALOG_COMPILER_GENERATE_SWIFT_ASSET_SYMBOL_EXTENSIONS = YES;
				CLANG_ANALYZER_NONNULL = YES;
				CLANG_ANALYZER_NUMBER_OBJECT_CONVERSION = YES_AGGRESSIVE;
				CLANG_CXX_LANGUAGE_STANDARD = "gnu++20";
				CLANG_ENABLE_MODULES = YES;
				CLANG_ENABLE_OBJC_ARC = YES;
				CLANG_ENABLE_OBJC_WEAK = YES;
				CLANG_WARN_BLOCK_CAPTURE_AUTORELEASING = YES;
				CLANG_WARN_BOOL_CONVERSION = YES;
				CLANG_WARN_COMMA = YES;
				CLANG_WARN_CONSTANT_CONVERSION = YES;
				CLANG_WARN_DEPRECATED_OBJC_IMPLEMENTATIONS = YES;
				CLANG_WARN_DIRECT_OBJC_ISA_USAGE = YES_ERROR;
				CLANG_WARN_DOCUMENTATION_COMMENTS = YES;
				CLANG_WARN_EMPTY_BODY = YES;
				CLANG_WARN_ENUM_CONVERSION = YES;
				CLANG_WARN_INFINITE_RECURSION = YES;
				CLANG_WARN_INT_CONVERSION = YES;
				CLANG_WARN_NON_LITERAL_NULL_CONVERSION = YES;
				CLANG_WARN_OBJC_IMPLICIT_RETAIN_SELF = YES;
				CLANG_WARN_OBJC_LITERAL_CONVERSION = YES;
				CLANG_WARN_OBJC_ROOT_CLASS = YES_ERROR;
				CLANG_WARN_QUOTED_INCLUDE_IN_FRAMEWORK_HEADER = YES;
				CLANG_WARN_RANGE_LOOP_ANALYSIS = YES;
				CLANG_WARN_STRICT_PROTOTYPES = YES;
				CLANG_WARN_SUSPICIOUS_MOVE = YES;
				CLANG_WARN_UNGUARDED_AVAILABILITY = YES_AGGRESSIVE;
				CLANG_WARN_UNREACHABLE_CODE = YES;
				CLANG_WARN__DUPLICATE_METHOD_MATCH = YES;
				COPY_PHASE_STRIP = NO;
				DEBUG_INFORMATION_FORMAT = "dwarf-with-dsym";
				ENABLE_NS_ASSERTIONS = NO;
				ENABLE_STRICT_OBJC_MSGSEND = YES;
				ENABLE_USER_SCRIPT_SANDBOXING = YES;
				GCC_C_LANGUAGE_STANDARD = gnu17;
				GCC_NO_COMMON_BLOCKS = YES;
				GCC_WARN_64_TO_32_BIT_CONVERSION = YES;
				GCC_WARN_ABOUT_RETURN_TYPE = YES_ERROR;
				GCC_WARN_UNDECLARED_SELECTOR = YES;
				GCC_WARN_UNINITIALIZED_AUTOS = YES_AGGRESSIVE;
				GCC_WARN_UNUSED_FUNCTION = YES;
				GCC_WARN_UNUSED_VARIABLE = YES;
				IPHONEOS_DEPLOYMENT_TARGET = 17.0;
				LOCALIZATION_PREFERS_STRING_CATALOGS = YES;
				MTL_ENABLE_DEBUG_INFO = NO;
				MTL_FAST_MATH = YES;
				SDKROOT = iphoneos;
				SWIFT_COMPILATION_MODE = wholemodule;
				VALIDATE_PRODUCT = YES;
			};
			name = Release;
		};
		DCD7D98E2AE19A2100426C22 /* Debug */ = {
			isa = XCBuildConfiguration;
			buildSettings = {
				ASSETCATALOG_COMPILER_APPICON_NAME = AppIcon;
				ASSETCATALOG_COMPILER_GLOBAL_ACCENT_COLOR_NAME = AccentColor;
				CODE_SIGN_STYLE = Automatic;
				CURRENT_PROJECT_VERSION = 1;
				DEVELOPMENT_ASSET_PATHS = "\"Fructus/Preview Content\"";
				DEVELOPMENT_TEAM = LL2474LCV3;
				ENABLE_PREVIEWS = YES;
				GENERATE_INFOPLIST_FILE = YES;
				INFOPLIST_KEY_UIApplicationSceneManifest_Generation = YES;
				INFOPLIST_KEY_UIApplicationSupportsIndirectInputEvents = YES;
				INFOPLIST_KEY_UILaunchScreen_Generation = YES;
				INFOPLIST_KEY_UISupportedInterfaceOrientations_iPad = "UIInterfaceOrientationPortrait UIInterfaceOrientationPortraitUpsideDown UIInterfaceOrientationLandscapeLeft UIInterfaceOrientationLandscapeRight";
				INFOPLIST_KEY_UISupportedInterfaceOrientations_iPhone = "UIInterfaceOrientationPortrait UIInterfaceOrientationLandscapeLeft UIInterfaceOrientationLandscapeRight";
				LD_RUNPATH_SEARCH_PATHS = (
					"$(inherited)",
					"@executable_path/Frameworks",
				);
				MARKETING_VERSION = 1.0;
				PRODUCT_BUNDLE_IDENTIFIER = com.jreybaylen.Fructus;
				PRODUCT_NAME = "$(TARGET_NAME)";
				SWIFT_EMIT_LOC_STRINGS = YES;
				SWIFT_VERSION = 5.0;
				TARGETED_DEVICE_FAMILY = "1,2";
			};
			name = Debug;
		};
		DCD7D98F2AE19A2100426C22 /* Release */ = {
			isa = XCBuildConfiguration;
			buildSettings = {
				ASSETCATALOG_COMPILER_APPICON_NAME = AppIcon;
				ASSETCATALOG_COMPILER_GLOBAL_ACCENT_COLOR_NAME = AccentColor;
				CODE_SIGN_STYLE = Automatic;
				CURRENT_PROJECT_VERSION = 1;
				DEVELOPMENT_ASSET_PATHS = "\"Fructus/Preview Content\"";
				DEVELOPMENT_TEAM = LL2474LCV3;
				ENABLE_PREVIEWS = YES;
				GENERATE_INFOPLIST_FILE = YES;
				INFOPLIST_KEY_UIApplicationSceneManifest_Generation = YES;
				INFOPLIST_KEY_UIApplicationSupportsIndirectInputEvents = YES;
				INFOPLIST_KEY_UILaunchScreen_Generation = YES;
				INFOPLIST_KEY_UISupportedInterfaceOrientations_iPad = "UIInterfaceOrientationPortrait UIInterfaceOrientationPortraitUpsideDown UIInterfaceOrientationLandscapeLeft UIInterfaceOrientationLandscapeRight";
				INFOPLIST_KEY_UISupportedInterfaceOrientations_iPhone = "UIInterfaceOrientationPortrait UIInterfaceOrientationLandscapeLeft UIInterfaceOrientationLandscapeRight";
				LD_RUNPATH_SEARCH_PATHS = (
					"$(inherited)",
					"@executable_path/Frameworks",
				);
				MARKETING_VERSION = 1.0;
				PRODUCT_BUNDLE_IDENTIFIER = com.jreybaylen.Fructus;
				PRODUCT_NAME = "$(TARGET_NAME)";
				SWIFT_EMIT_LOC_STRINGS = YES;
				SWIFT_VERSION = 5.0;
				TARGETED_DEVICE_FAMILY = "1,2";
			};
			name = Release;
		};
		DCD7D9912AE19A2100426C22 /* Debug */ = {
			isa = XCBuildConfiguration;
			buildSettings = {
				ALWAYS_EMBED_SWIFT_STANDARD_LIBRARIES = YES;
				BUNDLE_LOADER = "$(TEST_HOST)";
				CODE_SIGN_STYLE = Automatic;
				CURRENT_PROJECT_VERSION = 1;
				DEVELOPMENT_TEAM = LL2474LCV3;
				GENERATE_INFOPLIST_FILE = YES;
				IPHONEOS_DEPLOYMENT_TARGET = 17.0;
				MARKETING_VERSION = 1.0;
				PRODUCT_BUNDLE_IDENTIFIER = com.jreybaylen.FructusTests;
				PRODUCT_NAME = "$(TARGET_NAME)";
				SWIFT_EMIT_LOC_STRINGS = NO;
				SWIFT_VERSION = 5.0;
				TARGETED_DEVICE_FAMILY = "1,2";
				TEST_HOST = "$(BUILT_PRODUCTS_DIR)/Fructus.app/$(BUNDLE_EXECUTABLE_FOLDER_PATH)/Fructus";
			};
			name = Debug;
		};
		DCD7D9922AE19A2100426C22 /* Release */ = {
			isa = XCBuildConfiguration;
			buildSettings = {
				ALWAYS_EMBED_SWIFT_STANDARD_LIBRARIES = YES;
				BUNDLE_LOADER = "$(TEST_HOST)";
				CODE_SIGN_STYLE = Automatic;
				CURRENT_PROJECT_VERSION = 1;
				DEVELOPMENT_TEAM = LL2474LCV3;
				GENERATE_INFOPLIST_FILE = YES;
				IPHONEOS_DEPLOYMENT_TARGET = 17.0;
				MARKETING_VERSION = 1.0;
				PRODUCT_BUNDLE_IDENTIFIER = com.jreybaylen.FructusTests;
				PRODUCT_NAME = "$(TARGET_NAME)";
				SWIFT_EMIT_LOC_STRINGS = NO;
				SWIFT_VERSION = 5.0;
				TARGETED_DEVICE_FAMILY = "1,2";
				TEST_HOST = "$(BUILT_PRODUCTS_DIR)/Fructus.app/$(BUNDLE_EXECUTABLE_FOLDER_PATH)/Fructus";
			};
			name = Release;
		};
		DCD7D9942AE19A2100426C22 /* Debug */ = {
			isa = XCBuildConfiguration;
			buildSettings = {
				ALWAYS_EMBED_SWIFT_STANDARD_LIBRARIES = YES;
				CODE_SIGN_STYLE = Automatic;
				CURRENT_PROJECT_VERSION = 1;
				DEVELOPMENT_TEAM = LL2474LCV3;
				GENERATE_INFOPLIST_FILE = YES;
				MARKETING_VERSION = 1.0;
				PRODUCT_BUNDLE_IDENTIFIER = com.jreybaylen.FructusUITests;
				PRODUCT_NAME = "$(TARGET_NAME)";
				SWIFT_EMIT_LOC_STRINGS = NO;
				SWIFT_VERSION = 5.0;
				TARGETED_DEVICE_FAMILY = "1,2";
				TEST_TARGET_NAME = Fructus;
			};
			name = Debug;
		};
		DCD7D9952AE19A2100426C22 /* Release */ = {
			isa = XCBuildConfiguration;
			buildSettings = {
				ALWAYS_EMBED_SWIFT_STANDARD_LIBRARIES = YES;
				CODE_SIGN_STYLE = Automatic;
				CURRENT_PROJECT_VERSION = 1;
				DEVELOPMENT_TEAM = LL2474LCV3;
				GENERATE_INFOPLIST_FILE = YES;
				MARKETING_VERSION = 1.0;
				PRODUCT_BUNDLE_IDENTIFIER = com.jreybaylen.FructusUITests;
				PRODUCT_NAME = "$(TARGET_NAME)";
				SWIFT_EMIT_LOC_STRINGS = NO;
				SWIFT_VERSION = 5.0;
				TARGETED_DEVICE_FAMILY = "1,2";
				TEST_TARGET_NAME = Fructus;
			};
			name = Release;
		};
/* End XCBuildConfiguration section */

/* Begin XCConfigurationList section */
		DCD7D9642AE19A1F00426C22 /* Build configuration list for PBXProject "Fructus" */ = {
			isa = XCConfigurationList;
			buildConfigurations = (
				DCD7D98B2AE19A2100426C22 /* Debug */,
				DCD7D98C2AE19A2100426C22 /* Release */,
			);
			defaultConfigurationIsVisible = 0;
			defaultConfigurationName = Release;
		};
		DCD7D98D2AE19A2100426C22 /* Build configuration list for PBXNativeTarget "Fructus" */ = {
			isa = XCConfigurationList;
			buildConfigurations = (
				DCD7D98E2AE19A2100426C22 /* Debug */,
				DCD7D98F2AE19A2100426C22 /* Release */,
			);
			defaultConfigurationIsVisible = 0;
			defaultConfigurationName = Release;
		};
		DCD7D9902AE19A2100426C22 /* Build configuration list for PBXNativeTarget "FructusTests" */ = {
			isa = XCConfigurationList;
			buildConfigurations = (
				DCD7D9912AE19A2100426C22 /* Debug */,
				DCD7D9922AE19A2100426C22 /* Release */,
			);
			defaultConfigurationIsVisible = 0;
			defaultConfigurationName = Release;
		};
		DCD7D9932AE19A2100426C22 /* Build configuration list for PBXNativeTarget "FructusUITests" */ = {
			isa = XCConfigurationList;
			buildConfigurations = (
				DCD7D9942AE19A2100426C22 /* Debug */,
				DCD7D9952AE19A2100426C22 /* Release */,
			);
			defaultConfigurationIsVisible = 0;
			defaultConfigurationName = Release;
		};
/* End XCConfigurationList section */
	};
	rootObject = DCD7D9612AE19A1F00426C22 /* Project object */;
}
